// !$*UTF8*$!
{
	archiveVersion = 1;
	classes = {
	};
	objectVersion = 50;
	objects = {

/* Begin PBXBuildFile section */
		A0FCD0EC2462B6FD00EE0A74 /* AppDelegate.swift in Sources */ = {isa = PBXBuildFile; fileRef = A0FCD0EB2462B6FD00EE0A74 /* AppDelegate.swift */; };
		A0FCD0EE2462B6FD00EE0A74 /* SceneDelegate.swift in Sources */ = {isa = PBXBuildFile; fileRef = A0FCD0ED2462B6FD00EE0A74 /* SceneDelegate.swift */; };
		A0FCD0F02462B6FD00EE0A74 /* ViewController.swift in Sources */ = {isa = PBXBuildFile; fileRef = A0FCD0EF2462B6FD00EE0A74 /* ViewController.swift */; };
		A0FCD0F32462B6FD00EE0A74 /* Main.storyboard in Resources */ = {isa = PBXBuildFile; fileRef = A0FCD0F12462B6FD00EE0A74 /* Main.storyboard */; };
		A0FCD0F52462B6FF00EE0A74 /* Assets.xcassets in Resources */ = {isa = PBXBuildFile; fileRef = A0FCD0F42462B6FF00EE0A74 /* Assets.xcassets */; };
		A0FCD0F82462B6FF00EE0A74 /* LaunchScreen.storyboard in Resources */ = {isa = PBXBuildFile; fileRef = A0FCD0F62462B6FF00EE0A74 /* LaunchScreen.storyboard */; };
		A0FCD1002462BF1600EE0A74 /* Registration.swift in Sources */ = {isa = PBXBuildFile; fileRef = A0FCD0FF2462BF1600EE0A74 /* Registration.swift */; };
		A0FCD1022462BF3100EE0A74 /* UserPage.swift in Sources */ = {isa = PBXBuildFile; fileRef = A0FCD1012462BF3100EE0A74 /* UserPage.swift */; };
		A0FCD1042462BFAC00EE0A74 /* DataBase.swift in Sources */ = {isa = PBXBuildFile; fileRef = A0FCD1032462BFAC00EE0A74 /* DataBase.swift */; };
/* End PBXBuildFile section */

/* Begin PBXFileReference section */
		A0FCD0E82462B6FD00EE0A74 /* Homework 16.app */ = {isa = PBXFileReference; explicitFileType = wrapper.application; includeInIndex = 0; path = "Homework 16.app"; sourceTree = BUILT_PRODUCTS_DIR; };
		A0FCD0EB2462B6FD00EE0A74 /* AppDelegate.swift */ = {isa = PBXFileReference; lastKnownFileType = sourcecode.swift; path = AppDelegate.swift; sourceTree = "<group>"; };
		A0FCD0ED2462B6FD00EE0A74 /* SceneDelegate.swift */ = {isa = PBXFileReference; lastKnownFileType = sourcecode.swift; path = SceneDelegate.swift; sourceTree = "<group>"; };
		A0FCD0EF2462B6FD00EE0A74 /* ViewController.swift */ = {isa = PBXFileReference; lastKnownFileType = sourcecode.swift; path = ViewController.swift; sourceTree = "<group>"; };
		A0FCD0F22462B6FD00EE0A74 /* Base */ = {isa = PBXFileReference; lastKnownFileType = file.storyboard; name = Base; path = Base.lproj/Main.storyboard; sourceTree = "<group>"; };
		A0FCD0F42462B6FF00EE0A74 /* Assets.xcassets */ = {isa = PBXFileReference; lastKnownFileType = folder.assetcatalog; path = Assets.xcassets; sourceTree = "<group>"; };
		A0FCD0F72462B6FF00EE0A74 /* Base */ = {isa = PBXFileReference; lastKnownFileType = file.storyboard; name = Base; path = Base.lproj/LaunchScreen.storyboard; sourceTree = "<group>"; };
		A0FCD0F92462B6FF00EE0A74 /* Info.plist */ = {isa = PBXFileReference; lastKnownFileType = text.plist.xml; path = Info.plist; sourceTree = "<group>"; };
		A0FCD0FF2462BF1600EE0A74 /* Registration.swift */ = {isa = PBXFileReference; lastKnownFileType = sourcecode.swift; path = Registration.swift; sourceTree = "<group>"; };
		A0FCD1012462BF3100EE0A74 /* UserPage.swift */ = {isa = PBXFileReference; lastKnownFileType = sourcecode.swift; path = UserPage.swift; sourceTree = "<group>"; };
		A0FCD1032462BFAC00EE0A74 /* DataBase.swift */ = {isa = PBXFileReference; lastKnownFileType = sourcecode.swift; path = DataBase.swift; sourceTree = "<group>"; };
/* End PBXFileReference section */

/* Begin PBXFrameworksBuildPhase section */
		A0FCD0E52462B6FD00EE0A74 /* Frameworks */ = {
			isa = PBXFrameworksBuildPhase;
			buildActionMask = 2147483647;
			files = (
			);
			runOnlyForDeploymentPostprocessing = 0;
		};
/* End PBXFrameworksBuildPhase section */

/* Begin PBXGroup section */
		A0FCD0DF2462B6FD00EE0A74 = {
			isa = PBXGroup;
			children = (
				A0FCD0EA2462B6FD00EE0A74 /* Homework 16 */,
				A0FCD0E92462B6FD00EE0A74 /* Products */,
			);
			sourceTree = "<group>";
		};
		A0FCD0E92462B6FD00EE0A74 /* Products */ = {
			isa = PBXGroup;
			children = (
				A0FCD0E82462B6FD00EE0A74 /* Homework 16.app */,
			);
			name = Products;
			sourceTree = "<group>";
		};
		A0FCD0EA2462B6FD00EE0A74 /* Homework 16 */ = {
			isa = PBXGroup;
			children = (
				A0FCD0EB2462B6FD00EE0A74 /* AppDelegate.swift */,
				A0FCD0ED2462B6FD00EE0A74 /* SceneDelegate.swift */,
				A0FCD0F12462B6FD00EE0A74 /* Main.storyboard */,
				A0FCD0F42462B6FF00EE0A74 /* Assets.xcassets */,
				A0FCD0F62462B6FF00EE0A74 /* LaunchScreen.storyboard */,
				A0FCD0F92462B6FF00EE0A74 /* Info.plist */,
				A0FCD0EF2462B6FD00EE0A74 /* ViewController.swift */,
				A0FCD0FF2462BF1600EE0A74 /* Registration.swift */,
				A0FCD1012462BF3100EE0A74 /* UserPage.swift */,
				A0FCD1032462BFAC00EE0A74 /* DataBase.swift */,
			);
			path = "Homework 16";
			sourceTree = "<group>";
		};
/* End PBXGroup section */

/* Begin PBXNativeTarget section */
		A0FCD0E72462B6FD00EE0A74 /* Homework 16 */ = {
			isa = PBXNativeTarget;
			buildConfigurationList = A0FCD0FC2462B6FF00EE0A74 /* Build configuration list for PBXNativeTarget "Homework 16" */;
			buildPhases = (
				A0FCD0E42462B6FD00EE0A74 /* Sources */,
				A0FCD0E52462B6FD00EE0A74 /* Frameworks */,
				A0FCD0E62462B6FD00EE0A74 /* Resources */,
			);
			buildRules = (
			);
			dependencies = (
			);
			name = "Homework 16";
			productName = "Homework 16";
			productReference = A0FCD0E82462B6FD00EE0A74 /* Homework 16.app */;
			productType = "com.apple.product-type.application";
		};
/* End PBXNativeTarget section */

/* Begin PBXProject section */
		A0FCD0E02462B6FD00EE0A74 /* Project object */ = {
			isa = PBXProject;
			attributes = {
				LastSwiftUpdateCheck = 1140;
				LastUpgradeCheck = 1140;
				ORGANIZATIONNAME = lucas;
				TargetAttributes = {
					A0FCD0E72462B6FD00EE0A74 = {
						CreatedOnToolsVersion = 11.4.1;
					};
				};
			};
			buildConfigurationList = A0FCD0E32462B6FD00EE0A74 /* Build configuration list for PBXProject "Homework 16" */;
			compatibilityVersion = "Xcode 9.3";
			developmentRegion = en;
			hasScannedForEncodings = 0;
			knownRegions = (
				en,
				Base,
			);
			mainGroup = A0FCD0DF2462B6FD00EE0A74;
			productRefGroup = A0FCD0E92462B6FD00EE0A74 /* Products */;
			projectDirPath = "";
			projectRoot = "";
			targets = (
				A0FCD0E72462B6FD00EE0A74 /* Homework 16 */,
			);
		};
/* End PBXProject section */

/* Begin PBXResourcesBuildPhase section */
		A0FCD0E62462B6FD00EE0A74 /* Resources */ = {
			isa = PBXResourcesBuildPhase;
			buildActionMask = 2147483647;
			files = (
				A0FCD0F82462B6FF00EE0A74 /* LaunchScreen.storyboard in Resources */,
				A0FCD0F52462B6FF00EE0A74 /* Assets.xcassets in Resources */,
				A0FCD0F32462B6FD00EE0A74 /* Main.storyboard in Resources */,
			);
			runOnlyForDeploymentPostprocessing = 0;
		};
/* End PBXResourcesBuildPhase section */

/* Begin PBXSourcesBuildPhase section */
		A0FCD0E42462B6FD00EE0A74 /* Sources */ = {
			isa = PBXSourcesBuildPhase;
			buildActionMask = 2147483647;
			files = (
				A0FCD1002462BF1600EE0A74 /* Registration.swift in Sources */,
				A0FCD0F02462B6FD00EE0A74 /* ViewController.swift in Sources */,
				A0FCD0EC2462B6FD00EE0A74 /* AppDelegate.swift in Sources */,
				A0FCD0EE2462B6FD00EE0A74 /* SceneDelegate.swift in Sources */,
				A0FCD1042462BFAC00EE0A74 /* DataBase.swift in Sources */,
				A0FCD1022462BF3100EE0A74 /* UserPage.swift in Sources */,
			);
			runOnlyForDeploymentPostprocessing = 0;
		};
/* End PBXSourcesBuildPhase section */

/* Begin PBXVariantGroup section */
		A0FCD0F12462B6FD00EE0A74 /* Main.storyboard */ = {
			isa = PBXVariantGroup;
			children = (
				A0FCD0F22462B6FD00EE0A74 /* Base */,
			);
			name = Main.storyboard;
			sourceTree = "<group>";
		};
		A0FCD0F62462B6FF00EE0A74 /* LaunchScreen.storyboard */ = {
			isa = PBXVariantGroup;
			children = (
				A0FCD0F72462B6FF00EE0A74 /* Base */,
			);
			name = LaunchScreen.storyboard;
			sourceTree = "<group>";
		};
/* End PBXVariantGroup section */

/* Begin XCBuildConfiguration section */
		A0FCD0FA2462B6FF00EE0A74 /* Debug */ = {
			isa = XCBuildConfiguration;
			buildSettings = {
				ALWAYS_SEARCH_USER_PATHS = NO;
				CLANG_ANALYZER_NONNULL = YES;
				CLANG_ANALYZER_NUMBER_OBJECT_CONVERSION = YES_AGGRESSIVE;
				CLANG_CXX_LANGUAGE_STANDARD = "gnu++14";
				CLANG_CXX_LIBRARY = "libc++";
				CLANG_ENABLE_MODULES = YES;
				CLANG_ENABLE_OBJC_ARC = YES;
				CLANG_ENABLE_OBJC_WEAK = YES;
				CLANG_WARN_BLOCK_CAPTURE_AUTORELEASING = YES;
				CLANG_WARN_BOOL_CONVERSION = YES;
				CLANG_WARN_COMMA = YES;
				CLANG_WARN_CONSTANT_CONVERSION = YES;
				CLANG_WARN_DEPRECATED_OBJC_IMPLEMENTATIONS = YES;
				CLANG_WARN_DIRECT_OBJC_ISA_USAGE = YES_ERROR;
				CLANG_WARN_DOCUMENTATION_COMMENTS = YES;
				CLANG_WARN_EMPTY_BODY = YES;
				CLANG_WARN_ENUM_CONVERSION = YES;
				CLANG_WARN_INFINITE_RECURSION = YES;
				CLANG_WARN_INT_CONVERSION = YES;
				CLANG_WARN_NON_LITERAL_NULL_CONVERSION = YES;
				CLANG_WARN_OBJC_IMPLICIT_RETAIN_SELF = YES;
				CLANG_WARN_OBJC_LITERAL_CONVERSION = YES;
				CLANG_WARN_OBJC_ROOT_CLASS = YES_ERROR;
				CLANG_WARN_RANGE_LOOP_ANALYSIS = YES;
				CLANG_WARN_STRICT_PROTOTYPES = YES;
				CLANG_WARN_SUSPICIOUS_MOVE = YES;
				CLANG_WARN_UNGUARDED_AVAILABILITY = YES_AGGRESSIVE;
				CLANG_WARN_UNREACHABLE_CODE = YES;
				CLANG_WARN__DUPLICATE_METHOD_MATCH = YES;
				COPY_PHASE_STRIP = NO;
				DEBUG_INFORMATION_FORMAT = dwarf;
				ENABLE_STRICT_OBJC_MSGSEND = YES;
				ENABLE_TESTABILITY = YES;
				GCC_C_LANGUAGE_STANDARD = gnu11;
				GCC_DYNAMIC_NO_PIC = NO;
				GCC_NO_COMMON_BLOCKS = YES;
				GCC_OPTIMIZATION_LEVEL = 0;
				GCC_PREPROCESSOR_DEFINITIONS = (
					"DEBUG=1",
					"$(inherited)",
				);
				GCC_WARN_64_TO_32_BIT_CONVERSION = YES;
				GCC_WARN_ABOUT_RETURN_TYPE = YES_ERROR;
				GCC_WARN_UNDECLARED_SELECTOR = YES;
				GCC_WARN_UNINITIALIZED_AUTOS = YES_AGGRESSIVE;
				GCC_WARN_UNUSED_FUNCTION = YES;
				GCC_WARN_UNUSED_VARIABLE = YES;
				IPHONEOS_DEPLOYMENT_TARGET = 13.4;
				MTL_ENABLE_DEBUG_INFO = INCLUDE_SOURCE;
				MTL_FAST_MATH = YES;
				ONLY_ACTIVE_ARCH = YES;
				SDKROOT = iphoneos;
				SWIFT_ACTIVE_COMPILATION_CONDITIONS = DEBUG;
				SWIFT_OPTIMIZATION_LEVEL = "-Onone";
			};
			name = Debug;
		};
		A0FCD0FB2462B6FF00EE0A74 /* Release */ = {
			isa = XCBuildConfiguration;
			buildSettings = {
				ALWAYS_SEARCH_USER_PATHS = NO;
				CLANG_ANALYZER_NONNULL = YES;
				CLANG_ANALYZER_NUMBER_OBJECT_CONVERSION = YES_AGGRESSIVE;
				CLANG_CXX_LANGUAGE_STANDARD = "gnu++14";
				CLANG_CXX_LIBRARY = "libc++";
				CLANG_ENABLE_MODULES = YES;
				CLANG_ENABLE_OBJC_ARC = YES;
				CLANG_ENABLE_OBJC_WEAK = YES;
				CLANG_WARN_BLOCK_CAPTURE_AUTORELEASING = YES;
				CLANG_WARN_BOOL_CONVERSION = YES;
				CLANG_WARN_COMMA = YES;
				CLANG_WARN_CONSTANT_CONVERSION = YES;
				CLANG_WARN_DEPRECATED_OBJC_IMPLEMENTATIONS = YES;
				CLANG_WARN_DIRECT_OBJC_ISA_USAGE = YES_ERROR;
				CLANG_WARN_DOCUMENTATION_COMMENTS = YES;
				CLANG_WARN_EMPTY_BODY = YES;
				CLANG_WARN_ENUM_CONVERSION = YES;
				CLANG_WARN_INFINITE_RECURSION = YES;
				CLANG_WARN_INT_CONVERSION = YES;
				CLANG_WARN_NON_LITERAL_NULL_CONVERSION = YES;
				CLANG_WARN_OBJC_IMPLICIT_RETAIN_SELF = YES;
				CLANG_WARN_OBJC_LITERAL_CONVERSION = YES;
				CLANG_WARN_OBJC_ROOT_CLASS = YES_ERROR;
				CLANG_WARN_RANGE_LOOP_ANALYSIS = YES;
				CLANG_WARN_STRICT_PROTOTYPES = YES;
				CLANG_WARN_SUSPICIOUS_MOVE = YES;
				CLANG_WARN_UNGUARDED_AVAILABILITY = YES_AGGRESSIVE;
				CLANG_WARN_UNREACHABLE_CODE = YES;
				CLANG_WARN__DUPLICATE_METHOD_MATCH = YES;
				COPY_PHASE_STRIP = NO;
				DEBUG_INFORMATION_FORMAT = "dwarf-with-dsym";
				ENABLE_NS_ASSERTIONS = NO;
				ENABLE_STRICT_OBJC_MSGSEND = YES;
				GCC_C_LANGUAGE_STANDARD = gnu11;
				GCC_NO_COMMON_BLOCKS = YES;
				GCC_WARN_64_TO_32_BIT_CONVERSION = YES;
				GCC_WARN_ABOUT_RETURN_TYPE = YES_ERROR;
				GCC_WARN_UNDECLARED_SELECTOR = YES;
				GCC_WARN_UNINITIALIZED_AUTOS = YES_AGGRESSIVE;
				GCC_WARN_UNUSED_FUNCTION = YES;
				GCC_WARN_UNUSED_VARIABLE = YES;
				IPHONEOS_DEPLOYMENT_TARGET = 13.4;
				MTL_ENABLE_DEBUG_INFO = NO;
				MTL_FAST_MATH = YES;
				SDKROOT = iphoneos;
				SWIFT_COMPILATION_MODE = wholemodule;
				SWIFT_OPTIMIZATION_LEVEL = "-O";
				VALIDATE_PRODUCT = YES;
			};
			name = Release;
		};
		A0FCD0FD2462B6FF00EE0A74 /* Debug */ = {
			isa = XCBuildConfiguration;
			buildSettings = {
				ASSETCATALOG_COMPILER_APPICON_NAME = AppIcon;
				CODE_SIGN_STYLE = Automatic;
				INFOPLIST_FILE = "Homework 16/Info.plist";
				LD_RUNPATH_SEARCH_PATHS = (
					"$(inherited)",
					"@executable_path/Frameworks",
				);
				PRODUCT_BUNDLE_IDENTIFIER = "ge.lucasTheCoder.Homework-16";
				PRODUCT_NAME = "$(TARGET_NAME)";
				SWIFT_VERSION = 5.0;
				TARGETED_DEVICE_FAMILY = "1,2";
			};
			name = Debug;
		};
		A0FCD0FE2462B6FF00EE0A74 /* Release */ = {
			isa = XCBuildConfiguration;
			buildSettings = {
				ASSETCATALOG_COMPILER_APPICON_NAME = AppIcon;
				CODE_SIGN_STYLE = Automatic;
				INFOPLIST_FILE = "Homework 16/Info.plist";
				LD_RUNPATH_SEARCH_PATHS = (
					"$(inherited)",
					"@executable_path/Frameworks",
				);
				PRODUCT_BUNDLE_IDENTIFIER = "ge.lucasTheCoder.Homework-16";
				PRODUCT_NAME = "$(TARGET_NAME)";
				SWIFT_VERSION = 5.0;
				TARGETED_DEVICE_FAMILY = "1,2";
			};
			name = Release;
		};
/* End XCBuildConfiguration section */

/* Begin XCConfigurationList section */
		A0FCD0E32462B6FD00EE0A74 /* Build configuration list for PBXProject "Homework 16" */ = {
			isa = XCConfigurationList;
			buildConfigurations = (
				A0FCD0FA2462B6FF00EE0A74 /* Debug */,
				A0FCD0FB2462B6FF00EE0A74 /* Release */,
			);
			defaultConfigurationIsVisible = 0;
			defaultConfigurationName = Release;
		};
		A0FCD0FC2462B6FF00EE0A74 /* Build configuration list for PBXNativeTarget "Homework 16" */ = {
			isa = XCConfigurationList;
			buildConfigurations = (
				A0FCD0FD2462B6FF00EE0A74 /* Debug */,
				A0FCD0FE2462B6FF00EE0A74 /* Release */,
			);
			defaultConfigurationIsVisible = 0;
			defaultConfigurationName = Release;
		};
/* End XCConfigurationList section */
	};
	rootObject = A0FCD0E02462B6FD00EE0A74 /* Project object */;
}
