// !$*UTF8*$!
{
	archiveVersion = 1;
	classes = {
	};
	objectVersion = 50;
	objects = {

/* Begin PBXBuildFile section */
		A06BE74124696236000608A3 /* AppDelegate.swift in Sources */ = {isa = PBXBuildFile; fileRef = A06BE74024696236000608A3 /* AppDelegate.swift */; };
		A06BE74324696236000608A3 /* SceneDelegate.swift in Sources */ = {isa = PBXBuildFile; fileRef = A06BE74224696236000608A3 /* SceneDelegate.swift */; };
		A06BE74524696236000608A3 /* MainFoldersViewController.swift in Sources */ = {isa = PBXBuildFile; fileRef = A06BE74424696236000608A3 /* MainFoldersViewController.swift */; };
		A06BE74824696236000608A3 /* Main.storyboard in Resources */ = {isa = PBXBuildFile; fileRef = A06BE74624696236000608A3 /* Main.storyboard */; };
		A06BE74A24696238000608A3 /* Assets.xcassets in Resources */ = {isa = PBXBuildFile; fileRef = A06BE74924696238000608A3 /* Assets.xcassets */; };
		A06BE74D24696238000608A3 /* LaunchScreen.storyboard in Resources */ = {isa = PBXBuildFile; fileRef = A06BE74B24696238000608A3 /* LaunchScreen.storyboard */; };
		A06BE75524696351000608A3 /* CollectionViewCell.swift in Sources */ = {isa = PBXBuildFile; fileRef = A06BE75424696351000608A3 /* CollectionViewCell.swift */; };
		A0755473246981F200063C1B /* addText.swift in Sources */ = {isa = PBXBuildFile; fileRef = A0755472246981F200063C1B /* addText.swift */; };
		A0AF47E92469695A00B650D9 /* DataBase.swift in Sources */ = {isa = PBXBuildFile; fileRef = A0AF47E82469695A00B650D9 /* DataBase.swift */; };
		A0AF47ED246978C400B650D9 /* textsInFolder.swift in Sources */ = {isa = PBXBuildFile; fileRef = A0AF47EC246978C400B650D9 /* textsInFolder.swift */; };
		A0AF47EF246978DE00B650D9 /* TableViewCell.swift in Sources */ = {isa = PBXBuildFile; fileRef = A0AF47EE246978DE00B650D9 /* TableViewCell.swift */; };
		A0F6A9762469658E00F1B5FC /* AddFolderViewController.swift in Sources */ = {isa = PBXBuildFile; fileRef = A0F6A9752469658E00F1B5FC /* AddFolderViewController.swift */; };
/* End PBXBuildFile section */

/* Begin PBXFileReference section */
		A06BE73D24696236000608A3 /* Homework 19.app */ = {isa = PBXFileReference; explicitFileType = wrapper.application; includeInIndex = 0; path = "Homework 19.app"; sourceTree = BUILT_PRODUCTS_DIR; };
		A06BE74024696236000608A3 /* AppDelegate.swift */ = {isa = PBXFileReference; lastKnownFileType = sourcecode.swift; path = AppDelegate.swift; sourceTree = "<group>"; };
		A06BE74224696236000608A3 /* SceneDelegate.swift */ = {isa = PBXFileReference; lastKnownFileType = sourcecode.swift; path = SceneDelegate.swift; sourceTree = "<group>"; };
		A06BE74424696236000608A3 /* MainFoldersViewController.swift */ = {isa = PBXFileReference; lastKnownFileType = sourcecode.swift; path = MainFoldersViewController.swift; sourceTree = "<group>"; };
		A06BE74724696236000608A3 /* Base */ = {isa = PBXFileReference; lastKnownFileType = file.storyboard; name = Base; path = Base.lproj/Main.storyboard; sourceTree = "<group>"; };
		A06BE74924696238000608A3 /* Assets.xcassets */ = {isa = PBXFileReference; lastKnownFileType = folder.assetcatalog; path = Assets.xcassets; sourceTree = "<group>"; };
		A06BE74C24696238000608A3 /* Base */ = {isa = PBXFileReference; lastKnownFileType = file.storyboard; name = Base; path = Base.lproj/LaunchScreen.storyboard; sourceTree = "<group>"; };
		A06BE74E24696238000608A3 /* Info.plist */ = {isa = PBXFileReference; lastKnownFileType = text.plist.xml; path = Info.plist; sourceTree = "<group>"; };
		A06BE75424696351000608A3 /* CollectionViewCell.swift */ = {isa = PBXFileReference; lastKnownFileType = sourcecode.swift; path = CollectionViewCell.swift; sourceTree = "<group>"; };
		A0755472246981F200063C1B /* addText.swift */ = {isa = PBXFileReference; lastKnownFileType = sourcecode.swift; path = addText.swift; sourceTree = "<group>"; };
		A0AF47E82469695A00B650D9 /* DataBase.swift */ = {isa = PBXFileReference; lastKnownFileType = sourcecode.swift; path = DataBase.swift; sourceTree = "<group>"; };
		A0AF47EC246978C400B650D9 /* textsInFolder.swift */ = {isa = PBXFileReference; lastKnownFileType = sourcecode.swift; path = textsInFolder.swift; sourceTree = "<group>"; };
		A0AF47EE246978DE00B650D9 /* TableViewCell.swift */ = {isa = PBXFileReference; lastKnownFileType = sourcecode.swift; path = TableViewCell.swift; sourceTree = "<group>"; };
		A0F6A9752469658E00F1B5FC /* AddFolderViewController.swift */ = {isa = PBXFileReference; lastKnownFileType = sourcecode.swift; path = AddFolderViewController.swift; sourceTree = "<group>"; };
/* End PBXFileReference section */

/* Begin PBXFrameworksBuildPhase section */
		A06BE73A24696236000608A3 /* Frameworks */ = {
			isa = PBXFrameworksBuildPhase;
			buildActionMask = 2147483647;
			files = (
			);
			runOnlyForDeploymentPostprocessing = 0;
		};
/* End PBXFrameworksBuildPhase section */

/* Begin PBXGroup section */
		A06BE73424696236000608A3 = {
			isa = PBXGroup;
			children = (
				A06BE73F24696236000608A3 /* Homework 19 */,
				A06BE73E24696236000608A3 /* Products */,
			);
			sourceTree = "<group>";
		};
		A06BE73E24696236000608A3 /* Products */ = {
			isa = PBXGroup;
			children = (
				A06BE73D24696236000608A3 /* Homework 19.app */,
			);
			name = Products;
			sourceTree = "<group>";
		};
		A06BE73F24696236000608A3 /* Homework 19 */ = {
			isa = PBXGroup;
			children = (
				A06BE74024696236000608A3 /* AppDelegate.swift */,
				A06BE74224696236000608A3 /* SceneDelegate.swift */,
				A06BE74624696236000608A3 /* Main.storyboard */,
				A06BE74924696238000608A3 /* Assets.xcassets */,
				A06BE74B24696238000608A3 /* LaunchScreen.storyboard */,
				A06BE74E24696238000608A3 /* Info.plist */,
				A0AF47EA246977BF00B650D9 /* Create New Folder */,
				A0AF47EB246977D700B650D9 /* Add text inside Folders */,
				A0AF47E82469695A00B650D9 /* DataBase.swift */,
			);
			path = "Homework 19";
			sourceTree = "<group>";
		};
		A0AF47EA246977BF00B650D9 /* Create New Folder */ = {
			isa = PBXGroup;
			children = (
				A06BE74424696236000608A3 /* MainFoldersViewController.swift */,
				A06BE75424696351000608A3 /* CollectionViewCell.swift */,
				A0F6A9752469658E00F1B5FC /* AddFolderViewController.swift */,
			);
			path = "Create New Folder";
			sourceTree = "<group>";
		};
		A0AF47EB246977D700B650D9 /* Add text inside Folders */ = {
			isa = PBXGroup;
			children = (
				A0AF47EC246978C400B650D9 /* textsInFolder.swift */,
				A0AF47EE246978DE00B650D9 /* TableViewCell.swift */,
				A0755472246981F200063C1B /* addText.swift */,
			);
			path = "Add text inside Folders";
			sourceTree = "<group>";
		};
/* End PBXGroup section */

/* Begin PBXNativeTarget section */
		A06BE73C24696236000608A3 /* Homework 19 */ = {
			isa = PBXNativeTarget;
			buildConfigurationList = A06BE75124696238000608A3 /* Build configuration list for PBXNativeTarget "Homework 19" */;
			buildPhases = (
				A06BE73924696236000608A3 /* Sources */,
				A06BE73A24696236000608A3 /* Frameworks */,
				A06BE73B24696236000608A3 /* Resources */,
			);
			buildRules = (
			);
			dependencies = (
			);
			name = "Homework 19";
			productName = "Homework 19";
			productReference = A06BE73D24696236000608A3 /* Homework 19.app */;
			productType = "com.apple.product-type.application";
		};
/* End PBXNativeTarget section */

/* Begin PBXProject section */
		A06BE73524696236000608A3 /* Project object */ = {
			isa = PBXProject;
			attributes = {
				LastSwiftUpdateCheck = 1140;
				LastUpgradeCheck = 1140;
				ORGANIZATIONNAME = lucas;
				TargetAttributes = {
					A06BE73C24696236000608A3 = {
						CreatedOnToolsVersion = 11.4.1;
					};
				};
			};
			buildConfigurationList = A06BE73824696236000608A3 /* Build configuration list for PBXProject "Homework 19" */;
			compatibilityVersion = "Xcode 9.3";
			developmentRegion = en;
			hasScannedForEncodings = 0;
			knownRegions = (
				en,
				Base,
			);
			mainGroup = A06BE73424696236000608A3;
			productRefGroup = A06BE73E24696236000608A3 /* Products */;
			projectDirPath = "";
			projectRoot = "";
			targets = (
				A06BE73C24696236000608A3 /* Homework 19 */,
			);
		};
/* End PBXProject section */

/* Begin PBXResourcesBuildPhase section */
		A06BE73B24696236000608A3 /* Resources */ = {
			isa = PBXResourcesBuildPhase;
			buildActionMask = 2147483647;
			files = (
				A06BE74D24696238000608A3 /* LaunchScreen.storyboard in Resources */,
				A06BE74A24696238000608A3 /* Assets.xcassets in Resources */,
				A06BE74824696236000608A3 /* Main.storyboard in Resources */,
			);
			runOnlyForDeploymentPostprocessing = 0;
		};
/* End PBXResourcesBuildPhase section */

/* Begin PBXSourcesBuildPhase section */
		A06BE73924696236000608A3 /* Sources */ = {
			isa = PBXSourcesBuildPhase;
			buildActionMask = 2147483647;
			files = (
				A06BE74524696236000608A3 /* MainFoldersViewController.swift in Sources */,
				A0AF47EF246978DE00B650D9 /* TableViewCell.swift in Sources */,
				A0F6A9762469658E00F1B5FC /* AddFolderViewController.swift in Sources */,
				A0755473246981F200063C1B /* addText.swift in Sources */,
				A0AF47ED246978C400B650D9 /* textsInFolder.swift in Sources */,
				A06BE74124696236000608A3 /* AppDelegate.swift in Sources */,
				A06BE75524696351000608A3 /* CollectionViewCell.swift in Sources */,
				A0AF47E92469695A00B650D9 /* DataBase.swift in Sources */,
				A06BE74324696236000608A3 /* SceneDelegate.swift in Sources */,
			);
			runOnlyForDeploymentPostprocessing = 0;
		};
/* End PBXSourcesBuildPhase section */

/* Begin PBXVariantGroup section */
		A06BE74624696236000608A3 /* Main.storyboard */ = {
			isa = PBXVariantGroup;
			children = (
				A06BE74724696236000608A3 /* Base */,
			);
			name = Main.storyboard;
			sourceTree = "<group>";
		};
		A06BE74B24696238000608A3 /* LaunchScreen.storyboard */ = {
			isa = PBXVariantGroup;
			children = (
				A06BE74C24696238000608A3 /* Base */,
			);
			name = LaunchScreen.storyboard;
			sourceTree = "<group>";
		};
/* End PBXVariantGroup section */

/* Begin XCBuildConfiguration section */
		A06BE74F24696238000608A3 /* Debug */ = {
			isa = XCBuildConfiguration;
			buildSettings = {
				ALWAYS_SEARCH_USER_PATHS = NO;
				CLANG_ANALYZER_NONNULL = YES;
				CLANG_ANALYZER_NUMBER_OBJECT_CONVERSION = YES_AGGRESSIVE;
				CLANG_CXX_LANGUAGE_STANDARD = "gnu++14";
				CLANG_CXX_LIBRARY = "libc++";
				CLANG_ENABLE_MODULES = YES;
				CLANG_ENABLE_OBJC_ARC = YES;
				CLANG_ENABLE_OBJC_WEAK = YES;
				CLANG_WARN_BLOCK_CAPTURE_AUTORELEASING = YES;
				CLANG_WARN_BOOL_CONVERSION = YES;
				CLANG_WARN_COMMA = YES;
				CLANG_WARN_CONSTANT_CONVERSION = YES;
				CLANG_WARN_DEPRECATED_OBJC_IMPLEMENTATIONS = YES;
				CLANG_WARN_DIRECT_OBJC_ISA_USAGE = YES_ERROR;
				CLANG_WARN_DOCUMENTATION_COMMENTS = YES;
				CLANG_WARN_EMPTY_BODY = YES;
				CLANG_WARN_ENUM_CONVERSION = YES;
				CLANG_WARN_INFINITE_RECURSION = YES;
				CLANG_WARN_INT_CONVERSION = YES;
				CLANG_WARN_NON_LITERAL_NULL_CONVERSION = YES;
				CLANG_WARN_OBJC_IMPLICIT_RETAIN_SELF = YES;
				CLANG_WARN_OBJC_LITERAL_CONVERSION = YES;
				CLANG_WARN_OBJC_ROOT_CLASS = YES_ERROR;
				CLANG_WARN_RANGE_LOOP_ANALYSIS = YES;
				CLANG_WARN_STRICT_PROTOTYPES = YES;
				CLANG_WARN_SUSPICIOUS_MOVE = YES;
				CLANG_WARN_UNGUARDED_AVAILABILITY = YES_AGGRESSIVE;
				CLANG_WARN_UNREACHABLE_CODE = YES;
				CLANG_WARN__DUPLICATE_METHOD_MATCH = YES;
				COPY_PHASE_STRIP = NO;
				DEBUG_INFORMATION_FORMAT = dwarf;
				ENABLE_STRICT_OBJC_MSGSEND = YES;
				ENABLE_TESTABILITY = YES;
				GCC_C_LANGUAGE_STANDARD = gnu11;
				GCC_DYNAMIC_NO_PIC = NO;
				GCC_NO_COMMON_BLOCKS = YES;
				GCC_OPTIMIZATION_LEVEL = 0;
				GCC_PREPROCESSOR_DEFINITIONS = (
					"DEBUG=1",
					"$(inherited)",
				);
				GCC_WARN_64_TO_32_BIT_CONVERSION = YES;
				GCC_WARN_ABOUT_RETURN_TYPE = YES_ERROR;
				GCC_WARN_UNDECLARED_SELECTOR = YES;
				GCC_WARN_UNINITIALIZED_AUTOS = YES_AGGRESSIVE;
				GCC_WARN_UNUSED_FUNCTION = YES;
				GCC_WARN_UNUSED_VARIABLE = YES;
				IPHONEOS_DEPLOYMENT_TARGET = 13.4;
				MTL_ENABLE_DEBUG_INFO = INCLUDE_SOURCE;
				MTL_FAST_MATH = YES;
				ONLY_ACTIVE_ARCH = YES;
				SDKROOT = iphoneos;
				SWIFT_ACTIVE_COMPILATION_CONDITIONS = DEBUG;
				SWIFT_OPTIMIZATION_LEVEL = "-Onone";
			};
			name = Debug;
		};
		A06BE75024696238000608A3 /* Release */ = {
			isa = XCBuildConfiguration;
			buildSettings = {
				ALWAYS_SEARCH_USER_PATHS = NO;
				CLANG_ANALYZER_NONNULL = YES;
				CLANG_ANALYZER_NUMBER_OBJECT_CONVERSION = YES_AGGRESSIVE;
				CLANG_CXX_LANGUAGE_STANDARD = "gnu++14";
				CLANG_CXX_LIBRARY = "libc++";
				CLANG_ENABLE_MODULES = YES;
				CLANG_ENABLE_OBJC_ARC = YES;
				CLANG_ENABLE_OBJC_WEAK = YES;
				CLANG_WARN_BLOCK_CAPTURE_AUTORELEASING = YES;
				CLANG_WARN_BOOL_CONVERSION = YES;
				CLANG_WARN_COMMA = YES;
				CLANG_WARN_CONSTANT_CONVERSION = YES;
				CLANG_WARN_DEPRECATED_OBJC_IMPLEMENTATIONS = YES;
				CLANG_WARN_DIRECT_OBJC_ISA_USAGE = YES_ERROR;
				CLANG_WARN_DOCUMENTATION_COMMENTS = YES;
				CLANG_WARN_EMPTY_BODY = YES;
				CLANG_WARN_ENUM_CONVERSION = YES;
				CLANG_WARN_INFINITE_RECURSION = YES;
				CLANG_WARN_INT_CONVERSION = YES;
				CLANG_WARN_NON_LITERAL_NULL_CONVERSION = YES;
				CLANG_WARN_OBJC_IMPLICIT_RETAIN_SELF = YES;
				CLANG_WARN_OBJC_LITERAL_CONVERSION = YES;
				CLANG_WARN_OBJC_ROOT_CLASS = YES_ERROR;
				CLANG_WARN_RANGE_LOOP_ANALYSIS = YES;
				CLANG_WARN_STRICT_PROTOTYPES = YES;
				CLANG_WARN_SUSPICIOUS_MOVE = YES;
				CLANG_WARN_UNGUARDED_AVAILABILITY = YES_AGGRESSIVE;
				CLANG_WARN_UNREACHABLE_CODE = YES;
				CLANG_WARN__DUPLICATE_METHOD_MATCH = YES;
				COPY_PHASE_STRIP = NO;
				DEBUG_INFORMATION_FORMAT = "dwarf-with-dsym";
				ENABLE_NS_ASSERTIONS = NO;
				ENABLE_STRICT_OBJC_MSGSEND = YES;
				GCC_C_LANGUAGE_STANDARD = gnu11;
				GCC_NO_COMMON_BLOCKS = YES;
				GCC_WARN_64_TO_32_BIT_CONVERSION = YES;
				GCC_WARN_ABOUT_RETURN_TYPE = YES_ERROR;
				GCC_WARN_UNDECLARED_SELECTOR = YES;
				GCC_WARN_UNINITIALIZED_AUTOS = YES_AGGRESSIVE;
				GCC_WARN_UNUSED_FUNCTION = YES;
				GCC_WARN_UNUSED_VARIABLE = YES;
				IPHONEOS_DEPLOYMENT_TARGET = 13.4;
				MTL_ENABLE_DEBUG_INFO = NO;
				MTL_FAST_MATH = YES;
				SDKROOT = iphoneos;
				SWIFT_COMPILATION_MODE = wholemodule;
				SWIFT_OPTIMIZATION_LEVEL = "-O";
				VALIDATE_PRODUCT = YES;
			};
			name = Release;
		};
		A06BE75224696238000608A3 /* Debug */ = {
			isa = XCBuildConfiguration;
			buildSettings = {
				ASSETCATALOG_COMPILER_APPICON_NAME = AppIcon;
				CODE_SIGN_STYLE = Automatic;
				INFOPLIST_FILE = "Homework 19/Info.plist";
				LD_RUNPATH_SEARCH_PATHS = (
					"$(inherited)",
					"@executable_path/Frameworks",
				);
				PRODUCT_BUNDLE_IDENTIFIER = "ge.lucasTheCoder.Homework-19";
				PRODUCT_NAME = "$(TARGET_NAME)";
				SWIFT_VERSION = 5.0;
				TARGETED_DEVICE_FAMILY = "1,2";
			};
			name = Debug;
		};
		A06BE75324696238000608A3 /* Release */ = {
			isa = XCBuildConfiguration;
			buildSettings = {
				ASSETCATALOG_COMPILER_APPICON_NAME = AppIcon;
				CODE_SIGN_STYLE = Automatic;
				INFOPLIST_FILE = "Homework 19/Info.plist";
				LD_RUNPATH_SEARCH_PATHS = (
					"$(inherited)",
					"@executable_path/Frameworks",
				);
				PRODUCT_BUNDLE_IDENTIFIER = "ge.lucasTheCoder.Homework-19";
				PRODUCT_NAME = "$(TARGET_NAME)";
				SWIFT_VERSION = 5.0;
				TARGETED_DEVICE_FAMILY = "1,2";
			};
			name = Release;
		};
/* End XCBuildConfiguration section */

/* Begin XCConfigurationList section */
		A06BE73824696236000608A3 /* Build configuration list for PBXProject "Homework 19" */ = {
			isa = XCConfigurationList;
			buildConfigurations = (
				A06BE74F24696238000608A3 /* Debug */,
				A06BE75024696238000608A3 /* Release */,
			);
			defaultConfigurationIsVisible = 0;
			defaultConfigurationName = Release;
		};
		A06BE75124696238000608A3 /* Build configuration list for PBXNativeTarget "Homework 19" */ = {
			isa = XCConfigurationList;
			buildConfigurations = (
				A06BE75224696238000608A3 /* Debug */,
				A06BE75324696238000608A3 /* Release */,
			);
			defaultConfigurationIsVisible = 0;
			defaultConfigurationName = Release;
		};
/* End XCConfigurationList section */
	};
	rootObject = A06BE73524696236000608A3 /* Project object */;
}
