// !$*UTF8*$!
{
	archiveVersion = 1;
	classes = {
	};
	objectVersion = 50;
	objects = {

/* Begin PBXBuildFile section */
		A0BEC1F7248FDA81008D3A2A /* AppDelegate.swift in Sources */ = {isa = PBXBuildFile; fileRef = A0BEC1F6248FDA81008D3A2A /* AppDelegate.swift */; };
		A0BEC1F9248FDA81008D3A2A /* SceneDelegate.swift in Sources */ = {isa = PBXBuildFile; fileRef = A0BEC1F8248FDA81008D3A2A /* SceneDelegate.swift */; };
		A0BEC1FB248FDA81008D3A2A /* ViewController.swift in Sources */ = {isa = PBXBuildFile; fileRef = A0BEC1FA248FDA81008D3A2A /* ViewController.swift */; };
		A0BEC1FE248FDA81008D3A2A /* Main.storyboard in Resources */ = {isa = PBXBuildFile; fileRef = A0BEC1FC248FDA81008D3A2A /* Main.storyboard */; };
		A0BEC200248FDA84008D3A2A /* Assets.xcassets in Resources */ = {isa = PBXBuildFile; fileRef = A0BEC1FF248FDA84008D3A2A /* Assets.xcassets */; };
		A0BEC203248FDA84008D3A2A /* LaunchScreen.storyboard in Resources */ = {isa = PBXBuildFile; fileRef = A0BEC201248FDA84008D3A2A /* LaunchScreen.storyboard */; };
/* End PBXBuildFile section */

/* Begin PBXFileReference section */
		A0BEC1F3248FDA81008D3A2A /* Homework 37.app */ = {isa = PBXFileReference; explicitFileType = wrapper.application; includeInIndex = 0; path = "Homework 37.app"; sourceTree = BUILT_PRODUCTS_DIR; };
		A0BEC1F6248FDA81008D3A2A /* AppDelegate.swift */ = {isa = PBXFileReference; lastKnownFileType = sourcecode.swift; path = AppDelegate.swift; sourceTree = "<group>"; };
		A0BEC1F8248FDA81008D3A2A /* SceneDelegate.swift */ = {isa = PBXFileReference; lastKnownFileType = sourcecode.swift; path = SceneDelegate.swift; sourceTree = "<group>"; };
		A0BEC1FA248FDA81008D3A2A /* ViewController.swift */ = {isa = PBXFileReference; lastKnownFileType = sourcecode.swift; path = ViewController.swift; sourceTree = "<group>"; };
		A0BEC1FD248FDA81008D3A2A /* Base */ = {isa = PBXFileReference; lastKnownFileType = file.storyboard; name = Base; path = Base.lproj/Main.storyboard; sourceTree = "<group>"; };
		A0BEC1FF248FDA84008D3A2A /* Assets.xcassets */ = {isa = PBXFileReference; lastKnownFileType = folder.assetcatalog; path = Assets.xcassets; sourceTree = "<group>"; };
		A0BEC202248FDA84008D3A2A /* Base */ = {isa = PBXFileReference; lastKnownFileType = file.storyboard; name = Base; path = Base.lproj/LaunchScreen.storyboard; sourceTree = "<group>"; };
		A0BEC204248FDA84008D3A2A /* Info.plist */ = {isa = PBXFileReference; lastKnownFileType = text.plist.xml; path = Info.plist; sourceTree = "<group>"; };
/* End PBXFileReference section */

/* Begin PBXFrameworksBuildPhase section */
		A0BEC1F0248FDA81008D3A2A /* Frameworks */ = {
			isa = PBXFrameworksBuildPhase;
			buildActionMask = 2147483647;
			files = (
			);
			runOnlyForDeploymentPostprocessing = 0;
		};
/* End PBXFrameworksBuildPhase section */

/* Begin PBXGroup section */
		A0BEC1EA248FDA81008D3A2A = {
			isa = PBXGroup;
			children = (
				A0BEC1F5248FDA81008D3A2A /* Homework 37 */,
				A0BEC1F4248FDA81008D3A2A /* Products */,
			);
			sourceTree = "<group>";
		};
		A0BEC1F4248FDA81008D3A2A /* Products */ = {
			isa = PBXGroup;
			children = (
				A0BEC1F3248FDA81008D3A2A /* Homework 37.app */,
			);
			name = Products;
			sourceTree = "<group>";
		};
		A0BEC1F5248FDA81008D3A2A /* Homework 37 */ = {
			isa = PBXGroup;
			children = (
				A0BEC1F6248FDA81008D3A2A /* AppDelegate.swift */,
				A0BEC1F8248FDA81008D3A2A /* SceneDelegate.swift */,
				A0BEC1FA248FDA81008D3A2A /* ViewController.swift */,
				A0BEC1FC248FDA81008D3A2A /* Main.storyboard */,
				A0BEC1FF248FDA84008D3A2A /* Assets.xcassets */,
				A0BEC201248FDA84008D3A2A /* LaunchScreen.storyboard */,
				A0BEC204248FDA84008D3A2A /* Info.plist */,
			);
			path = "Homework 37";
			sourceTree = "<group>";
		};
/* End PBXGroup section */

/* Begin PBXNativeTarget section */
		A0BEC1F2248FDA81008D3A2A /* Homework 37 */ = {
			isa = PBXNativeTarget;
			buildConfigurationList = A0BEC207248FDA84008D3A2A /* Build configuration list for PBXNativeTarget "Homework 37" */;
			buildPhases = (
				A0BEC1EF248FDA81008D3A2A /* Sources */,
				A0BEC1F0248FDA81008D3A2A /* Frameworks */,
				A0BEC1F1248FDA81008D3A2A /* Resources */,
			);
			buildRules = (
			);
			dependencies = (
			);
			name = "Homework 37";
			productName = "Homework 37";
			productReference = A0BEC1F3248FDA81008D3A2A /* Homework 37.app */;
			productType = "com.apple.product-type.application";
		};
/* End PBXNativeTarget section */

/* Begin PBXProject section */
		A0BEC1EB248FDA81008D3A2A /* Project object */ = {
			isa = PBXProject;
			attributes = {
				LastSwiftUpdateCheck = 1150;
				LastUpgradeCheck = 1150;
				ORGANIZATIONNAME = lucas;
				TargetAttributes = {
					A0BEC1F2248FDA81008D3A2A = {
						CreatedOnToolsVersion = 11.5;
					};
				};
			};
			buildConfigurationList = A0BEC1EE248FDA81008D3A2A /* Build configuration list for PBXProject "Homework 37" */;
			compatibilityVersion = "Xcode 9.3";
			developmentRegion = en;
			hasScannedForEncodings = 0;
			knownRegions = (
				en,
				Base,
			);
			mainGroup = A0BEC1EA248FDA81008D3A2A;
			productRefGroup = A0BEC1F4248FDA81008D3A2A /* Products */;
			projectDirPath = "";
			projectRoot = "";
			targets = (
				A0BEC1F2248FDA81008D3A2A /* Homework 37 */,
			);
		};
/* End PBXProject section */

/* Begin PBXResourcesBuildPhase section */
		A0BEC1F1248FDA81008D3A2A /* Resources */ = {
			isa = PBXResourcesBuildPhase;
			buildActionMask = 2147483647;
			files = (
				A0BEC203248FDA84008D3A2A /* LaunchScreen.storyboard in Resources */,
				A0BEC200248FDA84008D3A2A /* Assets.xcassets in Resources */,
				A0BEC1FE248FDA81008D3A2A /* Main.storyboard in Resources */,
			);
			runOnlyForDeploymentPostprocessing = 0;
		};
/* End PBXResourcesBuildPhase section */

/* Begin PBXSourcesBuildPhase section */
		A0BEC1EF248FDA81008D3A2A /* Sources */ = {
			isa = PBXSourcesBuildPhase;
			buildActionMask = 2147483647;
			files = (
				A0BEC1FB248FDA81008D3A2A /* ViewController.swift in Sources */,
				A0BEC1F7248FDA81008D3A2A /* AppDelegate.swift in Sources */,
				A0BEC1F9248FDA81008D3A2A /* SceneDelegate.swift in Sources */,
			);
			runOnlyForDeploymentPostprocessing = 0;
		};
/* End PBXSourcesBuildPhase section */

/* Begin PBXVariantGroup section */
		A0BEC1FC248FDA81008D3A2A /* Main.storyboard */ = {
			isa = PBXVariantGroup;
			children = (
				A0BEC1FD248FDA81008D3A2A /* Base */,
			);
			name = Main.storyboard;
			sourceTree = "<group>";
		};
		A0BEC201248FDA84008D3A2A /* LaunchScreen.storyboard */ = {
			isa = PBXVariantGroup;
			children = (
				A0BEC202248FDA84008D3A2A /* Base */,
			);
			name = LaunchScreen.storyboard;
			sourceTree = "<group>";
		};
/* End PBXVariantGroup section */

/* Begin XCBuildConfiguration section */
		A0BEC205248FDA84008D3A2A /* Debug */ = {
			isa = XCBuildConfiguration;
			buildSettings = {
				ALWAYS_SEARCH_USER_PATHS = NO;
				CLANG_ANALYZER_NONNULL = YES;
				CLANG_ANALYZER_NUMBER_OBJECT_CONVERSION = YES_AGGRESSIVE;
				CLANG_CXX_LANGUAGE_STANDARD = "gnu++14";
				CLANG_CXX_LIBRARY = "libc++";
				CLANG_ENABLE_MODULES = YES;
				CLANG_ENABLE_OBJC_ARC = YES;
				CLANG_ENABLE_OBJC_WEAK = YES;
				CLANG_WARN_BLOCK_CAPTURE_AUTORELEASING = YES;
				CLANG_WARN_BOOL_CONVERSION = YES;
				CLANG_WARN_COMMA = YES;
				CLANG_WARN_CONSTANT_CONVERSION = YES;
				CLANG_WARN_DEPRECATED_OBJC_IMPLEMENTATIONS = YES;
				CLANG_WARN_DIRECT_OBJC_ISA_USAGE = YES_ERROR;
				CLANG_WARN_DOCUMENTATION_COMMENTS = YES;
				CLANG_WARN_EMPTY_BODY = YES;
				CLANG_WARN_ENUM_CONVERSION = YES;
				CLANG_WARN_INFINITE_RECURSION = YES;
				CLANG_WARN_INT_CONVERSION = YES;
				CLANG_WARN_NON_LITERAL_NULL_CONVERSION = YES;
				CLANG_WARN_OBJC_IMPLICIT_RETAIN_SELF = YES;
				CLANG_WARN_OBJC_LITERAL_CONVERSION = YES;
				CLANG_WARN_OBJC_ROOT_CLASS = YES_ERROR;
				CLANG_WARN_RANGE_LOOP_ANALYSIS = YES;
				CLANG_WARN_STRICT_PROTOTYPES = YES;
				CLANG_WARN_SUSPICIOUS_MOVE = YES;
				CLANG_WARN_UNGUARDED_AVAILABILITY = YES_AGGRESSIVE;
				CLANG_WARN_UNREACHABLE_CODE = YES;
				CLANG_WARN__DUPLICATE_METHOD_MATCH = YES;
				COPY_PHASE_STRIP = NO;
				DEBUG_INFORMATION_FORMAT = dwarf;
				ENABLE_STRICT_OBJC_MSGSEND = YES;
				ENABLE_TESTABILITY = YES;
				GCC_C_LANGUAGE_STANDARD = gnu11;
				GCC_DYNAMIC_NO_PIC = NO;
				GCC_NO_COMMON_BLOCKS = YES;
				GCC_OPTIMIZATION_LEVEL = 0;
				GCC_PREPROCESSOR_DEFINITIONS = (
					"DEBUG=1",
					"$(inherited)",
				);
				GCC_WARN_64_TO_32_BIT_CONVERSION = YES;
				GCC_WARN_ABOUT_RETURN_TYPE = YES_ERROR;
				GCC_WARN_UNDECLARED_SELECTOR = YES;
				GCC_WARN_UNINITIALIZED_AUTOS = YES_AGGRESSIVE;
				GCC_WARN_UNUSED_FUNCTION = YES;
				GCC_WARN_UNUSED_VARIABLE = YES;
				IPHONEOS_DEPLOYMENT_TARGET = 13.5;
				MTL_ENABLE_DEBUG_INFO = INCLUDE_SOURCE;
				MTL_FAST_MATH = YES;
				ONLY_ACTIVE_ARCH = YES;
				SDKROOT = iphoneos;
				SWIFT_ACTIVE_COMPILATION_CONDITIONS = DEBUG;
				SWIFT_OPTIMIZATION_LEVEL = "-Onone";
			};
			name = Debug;
		};
		A0BEC206248FDA84008D3A2A /* Release */ = {
			isa = XCBuildConfiguration;
			buildSettings = {
				ALWAYS_SEARCH_USER_PATHS = NO;
				CLANG_ANALYZER_NONNULL = YES;
				CLANG_ANALYZER_NUMBER_OBJECT_CONVERSION = YES_AGGRESSIVE;
				CLANG_CXX_LANGUAGE_STANDARD = "gnu++14";
				CLANG_CXX_LIBRARY = "libc++";
				CLANG_ENABLE_MODULES = YES;
				CLANG_ENABLE_OBJC_ARC = YES;
				CLANG_ENABLE_OBJC_WEAK = YES;
				CLANG_WARN_BLOCK_CAPTURE_AUTORELEASING = YES;
				CLANG_WARN_BOOL_CONVERSION = YES;
				CLANG_WARN_COMMA = YES;
				CLANG_WARN_CONSTANT_CONVERSION = YES;
				CLANG_WARN_DEPRECATED_OBJC_IMPLEMENTATIONS = YES;
				CLANG_WARN_DIRECT_OBJC_ISA_USAGE = YES_ERROR;
				CLANG_WARN_DOCUMENTATION_COMMENTS = YES;
				CLANG_WARN_EMPTY_BODY = YES;
				CLANG_WARN_ENUM_CONVERSION = YES;
				CLANG_WARN_INFINITE_RECURSION = YES;
				CLANG_WARN_INT_CONVERSION = YES;
				CLANG_WARN_NON_LITERAL_NULL_CONVERSION = YES;
				CLANG_WARN_OBJC_IMPLICIT_RETAIN_SELF = YES;
				CLANG_WARN_OBJC_LITERAL_CONVERSION = YES;
				CLANG_WARN_OBJC_ROOT_CLASS = YES_ERROR;
				CLANG_WARN_RANGE_LOOP_ANALYSIS = YES;
				CLANG_WARN_STRICT_PROTOTYPES = YES;
				CLANG_WARN_SUSPICIOUS_MOVE = YES;
				CLANG_WARN_UNGUARDED_AVAILABILITY = YES_AGGRESSIVE;
				CLANG_WARN_UNREACHABLE_CODE = YES;
				CLANG_WARN__DUPLICATE_METHOD_MATCH = YES;
				COPY_PHASE_STRIP = NO;
				DEBUG_INFORMATION_FORMAT = "dwarf-with-dsym";
				ENABLE_NS_ASSERTIONS = NO;
				ENABLE_STRICT_OBJC_MSGSEND = YES;
				GCC_C_LANGUAGE_STANDARD = gnu11;
				GCC_NO_COMMON_BLOCKS = YES;
				GCC_WARN_64_TO_32_BIT_CONVERSION = YES;
				GCC_WARN_ABOUT_RETURN_TYPE = YES_ERROR;
				GCC_WARN_UNDECLARED_SELECTOR = YES;
				GCC_WARN_UNINITIALIZED_AUTOS = YES_AGGRESSIVE;
				GCC_WARN_UNUSED_FUNCTION = YES;
				GCC_WARN_UNUSED_VARIABLE = YES;
				IPHONEOS_DEPLOYMENT_TARGET = 13.5;
				MTL_ENABLE_DEBUG_INFO = NO;
				MTL_FAST_MATH = YES;
				SDKROOT = iphoneos;
				SWIFT_COMPILATION_MODE = wholemodule;
				SWIFT_OPTIMIZATION_LEVEL = "-O";
				VALIDATE_PRODUCT = YES;
			};
			name = Release;
		};
		A0BEC208248FDA84008D3A2A /* Debug */ = {
			isa = XCBuildConfiguration;
			buildSettings = {
				ASSETCATALOG_COMPILER_APPICON_NAME = AppIcon;
				CODE_SIGN_STYLE = Automatic;
				INFOPLIST_FILE = "Homework 37/Info.plist";
				LD_RUNPATH_SEARCH_PATHS = (
					"$(inherited)",
					"@executable_path/Frameworks",
				);
				PRODUCT_BUNDLE_IDENTIFIER = "ge.lucasTheCoder.Homework-37";
				PRODUCT_NAME = "$(TARGET_NAME)";
				SWIFT_VERSION = 5.0;
				TARGETED_DEVICE_FAMILY = "1,2";
			};
			name = Debug;
		};
		A0BEC209248FDA84008D3A2A /* Release */ = {
			isa = XCBuildConfiguration;
			buildSettings = {
				ASSETCATALOG_COMPILER_APPICON_NAME = AppIcon;
				CODE_SIGN_STYLE = Automatic;
				INFOPLIST_FILE = "Homework 37/Info.plist";
				LD_RUNPATH_SEARCH_PATHS = (
					"$(inherited)",
					"@executable_path/Frameworks",
				);
				PRODUCT_BUNDLE_IDENTIFIER = "ge.lucasTheCoder.Homework-37";
				PRODUCT_NAME = "$(TARGET_NAME)";
				SWIFT_VERSION = 5.0;
				TARGETED_DEVICE_FAMILY = "1,2";
			};
			name = Release;
		};
/* End XCBuildConfiguration section */

/* Begin XCConfigurationList section */
		A0BEC1EE248FDA81008D3A2A /* Build configuration list for PBXProject "Homework 37" */ = {
			isa = XCConfigurationList;
			buildConfigurations = (
				A0BEC205248FDA84008D3A2A /* Debug */,
				A0BEC206248FDA84008D3A2A /* Release */,
			);
			defaultConfigurationIsVisible = 0;
			defaultConfigurationName = Release;
		};
		A0BEC207248FDA84008D3A2A /* Build configuration list for PBXNativeTarget "Homework 37" */ = {
			isa = XCConfigurationList;
			buildConfigurations = (
				A0BEC208248FDA84008D3A2A /* Debug */,
				A0BEC209248FDA84008D3A2A /* Release */,
			);
			defaultConfigurationIsVisible = 0;
			defaultConfigurationName = Release;
		};
/* End XCConfigurationList section */
	};
	rootObject = A0BEC1EB248FDA81008D3A2A /* Project object */;
}
