// !$*UTF8*$!
{
	archiveVersion = 1;
	classes = {
	};
	objectVersion = 50;
	objects = {

/* Begin PBXBuildFile section */
		A0048A3E24AB5824003B0AA3 /* AppDelegate.swift in Sources */ = {isa = PBXBuildFile; fileRef = A0048A3D24AB5824003B0AA3 /* AppDelegate.swift */; };
		A0048A4024AB5824003B0AA3 /* SceneDelegate.swift in Sources */ = {isa = PBXBuildFile; fileRef = A0048A3F24AB5824003B0AA3 /* SceneDelegate.swift */; };
		A0048A4224AB5824003B0AA3 /* ViewController.swift in Sources */ = {isa = PBXBuildFile; fileRef = A0048A4124AB5824003B0AA3 /* ViewController.swift */; };
		A0048A4524AB5824003B0AA3 /* Main.storyboard in Resources */ = {isa = PBXBuildFile; fileRef = A0048A4324AB5824003B0AA3 /* Main.storyboard */; };
		A0048A4724AB5825003B0AA3 /* Assets.xcassets in Resources */ = {isa = PBXBuildFile; fileRef = A0048A4624AB5825003B0AA3 /* Assets.xcassets */; };
		A0048A4A24AB5825003B0AA3 /* LaunchScreen.storyboard in Resources */ = {isa = PBXBuildFile; fileRef = A0048A4824AB5825003B0AA3 /* LaunchScreen.storyboard */; };
		A0048A5224AB63DD003B0AA3 /* File.swift in Sources */ = {isa = PBXBuildFile; fileRef = A0048A5124AB63DD003B0AA3 /* File.swift */; };
/* End PBXBuildFile section */

/* Begin PBXFileReference section */
		A0048A3A24AB5823003B0AA3 /* Homework 51.app */ = {isa = PBXFileReference; explicitFileType = wrapper.application; includeInIndex = 0; path = "Homework 51.app"; sourceTree = BUILT_PRODUCTS_DIR; };
		A0048A3D24AB5824003B0AA3 /* AppDelegate.swift */ = {isa = PBXFileReference; lastKnownFileType = sourcecode.swift; path = AppDelegate.swift; sourceTree = "<group>"; };
		A0048A3F24AB5824003B0AA3 /* SceneDelegate.swift */ = {isa = PBXFileReference; lastKnownFileType = sourcecode.swift; path = SceneDelegate.swift; sourceTree = "<group>"; };
		A0048A4124AB5824003B0AA3 /* ViewController.swift */ = {isa = PBXFileReference; lastKnownFileType = sourcecode.swift; path = ViewController.swift; sourceTree = "<group>"; };
		A0048A4424AB5824003B0AA3 /* Base */ = {isa = PBXFileReference; lastKnownFileType = file.storyboard; name = Base; path = Base.lproj/Main.storyboard; sourceTree = "<group>"; };
		A0048A4624AB5825003B0AA3 /* Assets.xcassets */ = {isa = PBXFileReference; lastKnownFileType = folder.assetcatalog; path = Assets.xcassets; sourceTree = "<group>"; };
		A0048A4924AB5825003B0AA3 /* Base */ = {isa = PBXFileReference; lastKnownFileType = file.storyboard; name = Base; path = Base.lproj/LaunchScreen.storyboard; sourceTree = "<group>"; };
		A0048A4B24AB5825003B0AA3 /* Info.plist */ = {isa = PBXFileReference; lastKnownFileType = text.plist.xml; path = Info.plist; sourceTree = "<group>"; };
		A0048A5124AB63DD003B0AA3 /* File.swift */ = {isa = PBXFileReference; lastKnownFileType = sourcecode.swift; path = File.swift; sourceTree = "<group>"; };
/* End PBXFileReference section */

/* Begin PBXFrameworksBuildPhase section */
		A0048A3724AB5823003B0AA3 /* Frameworks */ = {
			isa = PBXFrameworksBuildPhase;
			buildActionMask = 2147483647;
			files = (
			);
			runOnlyForDeploymentPostprocessing = 0;
		};
/* End PBXFrameworksBuildPhase section */

/* Begin PBXGroup section */
		A0048A3124AB5823003B0AA3 = {
			isa = PBXGroup;
			children = (
				A0048A3C24AB5824003B0AA3 /* Homework 51 */,
				A0048A3B24AB5823003B0AA3 /* Products */,
			);
			sourceTree = "<group>";
		};
		A0048A3B24AB5823003B0AA3 /* Products */ = {
			isa = PBXGroup;
			children = (
				A0048A3A24AB5823003B0AA3 /* Homework 51.app */,
			);
			name = Products;
			sourceTree = "<group>";
		};
		A0048A3C24AB5824003B0AA3 /* Homework 51 */ = {
			isa = PBXGroup;
			children = (
				A0048A3D24AB5824003B0AA3 /* AppDelegate.swift */,
				A0048A3F24AB5824003B0AA3 /* SceneDelegate.swift */,
				A0048A4124AB5824003B0AA3 /* ViewController.swift */,
				A0048A4324AB5824003B0AA3 /* Main.storyboard */,
				A0048A4624AB5825003B0AA3 /* Assets.xcassets */,
				A0048A4824AB5825003B0AA3 /* LaunchScreen.storyboard */,
				A0048A4B24AB5825003B0AA3 /* Info.plist */,
				A0048A5124AB63DD003B0AA3 /* File.swift */,
			);
			path = "Homework 51";
			sourceTree = "<group>";
		};
/* End PBXGroup section */

/* Begin PBXNativeTarget section */
		A0048A3924AB5823003B0AA3 /* Homework 51 */ = {
			isa = PBXNativeTarget;
			buildConfigurationList = A0048A4E24AB5825003B0AA3 /* Build configuration list for PBXNativeTarget "Homework 51" */;
			buildPhases = (
				A0048A3624AB5823003B0AA3 /* Sources */,
				A0048A3724AB5823003B0AA3 /* Frameworks */,
				A0048A3824AB5823003B0AA3 /* Resources */,
			);
			buildRules = (
			);
			dependencies = (
			);
			name = "Homework 51";
			productName = "Homework 51";
			productReference = A0048A3A24AB5823003B0AA3 /* Homework 51.app */;
			productType = "com.apple.product-type.application";
		};
/* End PBXNativeTarget section */

/* Begin PBXProject section */
		A0048A3224AB5823003B0AA3 /* Project object */ = {
			isa = PBXProject;
			attributes = {
				LastSwiftUpdateCheck = 1150;
				LastUpgradeCheck = 1150;
				ORGANIZATIONNAME = lucas;
				TargetAttributes = {
					A0048A3924AB5823003B0AA3 = {
						CreatedOnToolsVersion = 11.5;
					};
				};
			};
			buildConfigurationList = A0048A3524AB5823003B0AA3 /* Build configuration list for PBXProject "Homework 51" */;
			compatibilityVersion = "Xcode 9.3";
			developmentRegion = en;
			hasScannedForEncodings = 0;
			knownRegions = (
				en,
				Base,
			);
			mainGroup = A0048A3124AB5823003B0AA3;
			productRefGroup = A0048A3B24AB5823003B0AA3 /* Products */;
			projectDirPath = "";
			projectRoot = "";
			targets = (
				A0048A3924AB5823003B0AA3 /* Homework 51 */,
			);
		};
/* End PBXProject section */

/* Begin PBXResourcesBuildPhase section */
		A0048A3824AB5823003B0AA3 /* Resources */ = {
			isa = PBXResourcesBuildPhase;
			buildActionMask = 2147483647;
			files = (
				A0048A4A24AB5825003B0AA3 /* LaunchScreen.storyboard in Resources */,
				A0048A4724AB5825003B0AA3 /* Assets.xcassets in Resources */,
				A0048A4524AB5824003B0AA3 /* Main.storyboard in Resources */,
			);
			runOnlyForDeploymentPostprocessing = 0;
		};
/* End PBXResourcesBuildPhase section */

/* Begin PBXSourcesBuildPhase section */
		A0048A3624AB5823003B0AA3 /* Sources */ = {
			isa = PBXSourcesBuildPhase;
			buildActionMask = 2147483647;
			files = (
				A0048A4224AB5824003B0AA3 /* ViewController.swift in Sources */,
				A0048A5224AB63DD003B0AA3 /* File.swift in Sources */,
				A0048A3E24AB5824003B0AA3 /* AppDelegate.swift in Sources */,
				A0048A4024AB5824003B0AA3 /* SceneDelegate.swift in Sources */,
			);
			runOnlyForDeploymentPostprocessing = 0;
		};
/* End PBXSourcesBuildPhase section */

/* Begin PBXVariantGroup section */
		A0048A4324AB5824003B0AA3 /* Main.storyboard */ = {
			isa = PBXVariantGroup;
			children = (
				A0048A4424AB5824003B0AA3 /* Base */,
			);
			name = Main.storyboard;
			sourceTree = "<group>";
		};
		A0048A4824AB5825003B0AA3 /* LaunchScreen.storyboard */ = {
			isa = PBXVariantGroup;
			children = (
				A0048A4924AB5825003B0AA3 /* Base */,
			);
			name = LaunchScreen.storyboard;
			sourceTree = "<group>";
		};
/* End PBXVariantGroup section */

/* Begin XCBuildConfiguration section */
		A0048A4C24AB5825003B0AA3 /* Debug */ = {
			isa = XCBuildConfiguration;
			buildSettings = {
				ALWAYS_SEARCH_USER_PATHS = NO;
				CLANG_ANALYZER_NONNULL = YES;
				CLANG_ANALYZER_NUMBER_OBJECT_CONVERSION = YES_AGGRESSIVE;
				CLANG_CXX_LANGUAGE_STANDARD = "gnu++14";
				CLANG_CXX_LIBRARY = "libc++";
				CLANG_ENABLE_MODULES = YES;
				CLANG_ENABLE_OBJC_ARC = YES;
				CLANG_ENABLE_OBJC_WEAK = YES;
				CLANG_WARN_BLOCK_CAPTURE_AUTORELEASING = YES;
				CLANG_WARN_BOOL_CONVERSION = YES;
				CLANG_WARN_COMMA = YES;
				CLANG_WARN_CONSTANT_CONVERSION = YES;
				CLANG_WARN_DEPRECATED_OBJC_IMPLEMENTATIONS = YES;
				CLANG_WARN_DIRECT_OBJC_ISA_USAGE = YES_ERROR;
				CLANG_WARN_DOCUMENTATION_COMMENTS = YES;
				CLANG_WARN_EMPTY_BODY = YES;
				CLANG_WARN_ENUM_CONVERSION = YES;
				CLANG_WARN_INFINITE_RECURSION = YES;
				CLANG_WARN_INT_CONVERSION = YES;
				CLANG_WARN_NON_LITERAL_NULL_CONVERSION = YES;
				CLANG_WARN_OBJC_IMPLICIT_RETAIN_SELF = YES;
				CLANG_WARN_OBJC_LITERAL_CONVERSION = YES;
				CLANG_WARN_OBJC_ROOT_CLASS = YES_ERROR;
				CLANG_WARN_RANGE_LOOP_ANALYSIS = YES;
				CLANG_WARN_STRICT_PROTOTYPES = YES;
				CLANG_WARN_SUSPICIOUS_MOVE = YES;
				CLANG_WARN_UNGUARDED_AVAILABILITY = YES_AGGRESSIVE;
				CLANG_WARN_UNREACHABLE_CODE = YES;
				CLANG_WARN__DUPLICATE_METHOD_MATCH = YES;
				COPY_PHASE_STRIP = NO;
				DEBUG_INFORMATION_FORMAT = dwarf;
				ENABLE_STRICT_OBJC_MSGSEND = YES;
				ENABLE_TESTABILITY = YES;
				GCC_C_LANGUAGE_STANDARD = gnu11;
				GCC_DYNAMIC_NO_PIC = NO;
				GCC_NO_COMMON_BLOCKS = YES;
				GCC_OPTIMIZATION_LEVEL = 0;
				GCC_PREPROCESSOR_DEFINITIONS = (
					"DEBUG=1",
					"$(inherited)",
				);
				GCC_WARN_64_TO_32_BIT_CONVERSION = YES;
				GCC_WARN_ABOUT_RETURN_TYPE = YES_ERROR;
				GCC_WARN_UNDECLARED_SELECTOR = YES;
				GCC_WARN_UNINITIALIZED_AUTOS = YES_AGGRESSIVE;
				GCC_WARN_UNUSED_FUNCTION = YES;
				GCC_WARN_UNUSED_VARIABLE = YES;
				IPHONEOS_DEPLOYMENT_TARGET = 13.5;
				MTL_ENABLE_DEBUG_INFO = INCLUDE_SOURCE;
				MTL_FAST_MATH = YES;
				ONLY_ACTIVE_ARCH = YES;
				SDKROOT = iphoneos;
				SWIFT_ACTIVE_COMPILATION_CONDITIONS = DEBUG;
				SWIFT_OPTIMIZATION_LEVEL = "-Onone";
			};
			name = Debug;
		};
		A0048A4D24AB5825003B0AA3 /* Release */ = {
			isa = XCBuildConfiguration;
			buildSettings = {
				ALWAYS_SEARCH_USER_PATHS = NO;
				CLANG_ANALYZER_NONNULL = YES;
				CLANG_ANALYZER_NUMBER_OBJECT_CONVERSION = YES_AGGRESSIVE;
				CLANG_CXX_LANGUAGE_STANDARD = "gnu++14";
				CLANG_CXX_LIBRARY = "libc++";
				CLANG_ENABLE_MODULES = YES;
				CLANG_ENABLE_OBJC_ARC = YES;
				CLANG_ENABLE_OBJC_WEAK = YES;
				CLANG_WARN_BLOCK_CAPTURE_AUTORELEASING = YES;
				CLANG_WARN_BOOL_CONVERSION = YES;
				CLANG_WARN_COMMA = YES;
				CLANG_WARN_CONSTANT_CONVERSION = YES;
				CLANG_WARN_DEPRECATED_OBJC_IMPLEMENTATIONS = YES;
				CLANG_WARN_DIRECT_OBJC_ISA_USAGE = YES_ERROR;
				CLANG_WARN_DOCUMENTATION_COMMENTS = YES;
				CLANG_WARN_EMPTY_BODY = YES;
				CLANG_WARN_ENUM_CONVERSION = YES;
				CLANG_WARN_INFINITE_RECURSION = YES;
				CLANG_WARN_INT_CONVERSION = YES;
				CLANG_WARN_NON_LITERAL_NULL_CONVERSION = YES;
				CLANG_WARN_OBJC_IMPLICIT_RETAIN_SELF = YES;
				CLANG_WARN_OBJC_LITERAL_CONVERSION = YES;
				CLANG_WARN_OBJC_ROOT_CLASS = YES_ERROR;
				CLANG_WARN_RANGE_LOOP_ANALYSIS = YES;
				CLANG_WARN_STRICT_PROTOTYPES = YES;
				CLANG_WARN_SUSPICIOUS_MOVE = YES;
				CLANG_WARN_UNGUARDED_AVAILABILITY = YES_AGGRESSIVE;
				CLANG_WARN_UNREACHABLE_CODE = YES;
				CLANG_WARN__DUPLICATE_METHOD_MATCH = YES;
				COPY_PHASE_STRIP = NO;
				DEBUG_INFORMATION_FORMAT = "dwarf-with-dsym";
				ENABLE_NS_ASSERTIONS = NO;
				ENABLE_STRICT_OBJC_MSGSEND = YES;
				GCC_C_LANGUAGE_STANDARD = gnu11;
				GCC_NO_COMMON_BLOCKS = YES;
				GCC_WARN_64_TO_32_BIT_CONVERSION = YES;
				GCC_WARN_ABOUT_RETURN_TYPE = YES_ERROR;
				GCC_WARN_UNDECLARED_SELECTOR = YES;
				GCC_WARN_UNINITIALIZED_AUTOS = YES_AGGRESSIVE;
				GCC_WARN_UNUSED_FUNCTION = YES;
				GCC_WARN_UNUSED_VARIABLE = YES;
				IPHONEOS_DEPLOYMENT_TARGET = 13.5;
				MTL_ENABLE_DEBUG_INFO = NO;
				MTL_FAST_MATH = YES;
				SDKROOT = iphoneos;
				SWIFT_COMPILATION_MODE = wholemodule;
				SWIFT_OPTIMIZATION_LEVEL = "-O";
				VALIDATE_PRODUCT = YES;
			};
			name = Release;
		};
		A0048A4F24AB5825003B0AA3 /* Debug */ = {
			isa = XCBuildConfiguration;
			buildSettings = {
				ASSETCATALOG_COMPILER_APPICON_NAME = AppIcon;
				CODE_SIGN_STYLE = Automatic;
				INFOPLIST_FILE = "Homework 51/Info.plist";
				LD_RUNPATH_SEARCH_PATHS = (
					"$(inherited)",
					"@executable_path/Frameworks",
				);
				PRODUCT_BUNDLE_IDENTIFIER = "ge.lucasTheCoder.Homework-51";
				PRODUCT_NAME = "$(TARGET_NAME)";
				SWIFT_VERSION = 5.0;
				TARGETED_DEVICE_FAMILY = "1,2";
			};
			name = Debug;
		};
		A0048A5024AB5825003B0AA3 /* Release */ = {
			isa = XCBuildConfiguration;
			buildSettings = {
				ASSETCATALOG_COMPILER_APPICON_NAME = AppIcon;
				CODE_SIGN_STYLE = Automatic;
				INFOPLIST_FILE = "Homework 51/Info.plist";
				LD_RUNPATH_SEARCH_PATHS = (
					"$(inherited)",
					"@executable_path/Frameworks",
				);
				PRODUCT_BUNDLE_IDENTIFIER = "ge.lucasTheCoder.Homework-51";
				PRODUCT_NAME = "$(TARGET_NAME)";
				SWIFT_VERSION = 5.0;
				TARGETED_DEVICE_FAMILY = "1,2";
			};
			name = Release;
		};
/* End XCBuildConfiguration section */

/* Begin XCConfigurationList section */
		A0048A3524AB5823003B0AA3 /* Build configuration list for PBXProject "Homework 51" */ = {
			isa = XCConfigurationList;
			buildConfigurations = (
				A0048A4C24AB5825003B0AA3 /* Debug */,
				A0048A4D24AB5825003B0AA3 /* Release */,
			);
			defaultConfigurationIsVisible = 0;
			defaultConfigurationName = Release;
		};
		A0048A4E24AB5825003B0AA3 /* Build configuration list for PBXNativeTarget "Homework 51" */ = {
			isa = XCConfigurationList;
			buildConfigurations = (
				A0048A4F24AB5825003B0AA3 /* Debug */,
				A0048A5024AB5825003B0AA3 /* Release */,
			);
			defaultConfigurationIsVisible = 0;
			defaultConfigurationName = Release;
		};
/* End XCConfigurationList section */
	};
	rootObject = A0048A3224AB5823003B0AA3 /* Project object */;
}
