// !$*UTF8*$!
{
	archiveVersion = 1;
	classes = {
	};
	objectVersion = 50;
	objects = {

/* Begin PBXBuildFile section */
		A05511AD249CF77F00E884EB /* TableViewCell.swift in Sources */ = {isa = PBXBuildFile; fileRef = A05511AC249CF77F00E884EB /* TableViewCell.swift */; };
		A05511AF249CF79300E884EB /* forecastVC.swift in Sources */ = {isa = PBXBuildFile; fileRef = A05511AE249CF79300E884EB /* forecastVC.swift */; };
		A08E3A07249BCF5D005FF663 /* AppDelegate.swift in Sources */ = {isa = PBXBuildFile; fileRef = A08E3A06249BCF5D005FF663 /* AppDelegate.swift */; };
		A08E3A09249BCF5D005FF663 /* SceneDelegate.swift in Sources */ = {isa = PBXBuildFile; fileRef = A08E3A08249BCF5D005FF663 /* SceneDelegate.swift */; };
		A08E3A0B249BCF5D005FF663 /* ViewController.swift in Sources */ = {isa = PBXBuildFile; fileRef = A08E3A0A249BCF5D005FF663 /* ViewController.swift */; };
		A08E3A0E249BCF5D005FF663 /* Main.storyboard in Resources */ = {isa = PBXBuildFile; fileRef = A08E3A0C249BCF5D005FF663 /* Main.storyboard */; };
		A08E3A10249BCF5F005FF663 /* Assets.xcassets in Resources */ = {isa = PBXBuildFile; fileRef = A08E3A0F249BCF5F005FF663 /* Assets.xcassets */; };
		A08E3A13249BCF5F005FF663 /* LaunchScreen.storyboard in Resources */ = {isa = PBXBuildFile; fileRef = A08E3A11249BCF5F005FF663 /* LaunchScreen.storyboard */; };
		A09C27E5249BF88400C1BA2B /* ApiResponse.swift in Sources */ = {isa = PBXBuildFile; fileRef = A09C27E4249BF88400C1BA2B /* ApiResponse.swift */; };
/* End PBXBuildFile section */

/* Begin PBXFileReference section */
		A05511AC249CF77F00E884EB /* TableViewCell.swift */ = {isa = PBXFileReference; lastKnownFileType = sourcecode.swift; path = TableViewCell.swift; sourceTree = "<group>"; };
		A05511AE249CF79300E884EB /* forecastVC.swift */ = {isa = PBXFileReference; lastKnownFileType = sourcecode.swift; path = forecastVC.swift; sourceTree = "<group>"; };
		A08E3A03249BCF5D005FF663 /* Homework 44.app */ = {isa = PBXFileReference; explicitFileType = wrapper.application; includeInIndex = 0; path = "Homework 44.app"; sourceTree = BUILT_PRODUCTS_DIR; };
		A08E3A06249BCF5D005FF663 /* AppDelegate.swift */ = {isa = PBXFileReference; lastKnownFileType = sourcecode.swift; path = AppDelegate.swift; sourceTree = "<group>"; };
		A08E3A08249BCF5D005FF663 /* SceneDelegate.swift */ = {isa = PBXFileReference; lastKnownFileType = sourcecode.swift; path = SceneDelegate.swift; sourceTree = "<group>"; };
		A08E3A0A249BCF5D005FF663 /* ViewController.swift */ = {isa = PBXFileReference; lastKnownFileType = sourcecode.swift; path = ViewController.swift; sourceTree = "<group>"; };
		A08E3A0D249BCF5D005FF663 /* Base */ = {isa = PBXFileReference; lastKnownFileType = file.storyboard; name = Base; path = Base.lproj/Main.storyboard; sourceTree = "<group>"; };
		A08E3A0F249BCF5F005FF663 /* Assets.xcassets */ = {isa = PBXFileReference; lastKnownFileType = folder.assetcatalog; path = Assets.xcassets; sourceTree = "<group>"; };
		A08E3A12249BCF5F005FF663 /* Base */ = {isa = PBXFileReference; lastKnownFileType = file.storyboard; name = Base; path = Base.lproj/LaunchScreen.storyboard; sourceTree = "<group>"; };
		A08E3A14249BCF5F005FF663 /* Info.plist */ = {isa = PBXFileReference; lastKnownFileType = text.plist.xml; path = Info.plist; sourceTree = "<group>"; };
		A09C27E4249BF88400C1BA2B /* ApiResponse.swift */ = {isa = PBXFileReference; lastKnownFileType = sourcecode.swift; path = ApiResponse.swift; sourceTree = "<group>"; };
/* End PBXFileReference section */

/* Begin PBXFrameworksBuildPhase section */
		A08E3A00249BCF5D005FF663 /* Frameworks */ = {
			isa = PBXFrameworksBuildPhase;
			buildActionMask = 2147483647;
			files = (
			);
			runOnlyForDeploymentPostprocessing = 0;
		};
/* End PBXFrameworksBuildPhase section */

/* Begin PBXGroup section */
		A08E39FA249BCF5D005FF663 = {
			isa = PBXGroup;
			children = (
				A08E3A05249BCF5D005FF663 /* Homework 44 */,
				A08E3A04249BCF5D005FF663 /* Products */,
			);
			sourceTree = "<group>";
		};
		A08E3A04249BCF5D005FF663 /* Products */ = {
			isa = PBXGroup;
			children = (
				A08E3A03249BCF5D005FF663 /* Homework 44.app */,
			);
			name = Products;
			sourceTree = "<group>";
		};
		A08E3A05249BCF5D005FF663 /* Homework 44 */ = {
			isa = PBXGroup;
			children = (
				A08E3A06249BCF5D005FF663 /* AppDelegate.swift */,
				A08E3A08249BCF5D005FF663 /* SceneDelegate.swift */,
				A08E3A0C249BCF5D005FF663 /* Main.storyboard */,
				A08E3A0F249BCF5F005FF663 /* Assets.xcassets */,
				A08E3A11249BCF5F005FF663 /* LaunchScreen.storyboard */,
				A08E3A14249BCF5F005FF663 /* Info.plist */,
				A09C27E4249BF88400C1BA2B /* ApiResponse.swift */,
				A08E3A0A249BCF5D005FF663 /* ViewController.swift */,
				A05511AE249CF79300E884EB /* forecastVC.swift */,
				A05511AC249CF77F00E884EB /* TableViewCell.swift */,
			);
			path = "Homework 44";
			sourceTree = "<group>";
		};
/* End PBXGroup section */

/* Begin PBXNativeTarget section */
		A08E3A02249BCF5D005FF663 /* Homework 44 */ = {
			isa = PBXNativeTarget;
			buildConfigurationList = A08E3A17249BCF5F005FF663 /* Build configuration list for PBXNativeTarget "Homework 44" */;
			buildPhases = (
				A08E39FF249BCF5D005FF663 /* Sources */,
				A08E3A00249BCF5D005FF663 /* Frameworks */,
				A08E3A01249BCF5D005FF663 /* Resources */,
			);
			buildRules = (
			);
			dependencies = (
			);
			name = "Homework 44";
			productName = "Homework 44";
			productReference = A08E3A03249BCF5D005FF663 /* Homework 44.app */;
			productType = "com.apple.product-type.application";
		};
/* End PBXNativeTarget section */

/* Begin PBXProject section */
		A08E39FB249BCF5D005FF663 /* Project object */ = {
			isa = PBXProject;
			attributes = {
				LastSwiftUpdateCheck = 1150;
				LastUpgradeCheck = 1150;
				ORGANIZATIONNAME = lucas;
				TargetAttributes = {
					A08E3A02249BCF5D005FF663 = {
						CreatedOnToolsVersion = 11.5;
					};
				};
			};
			buildConfigurationList = A08E39FE249BCF5D005FF663 /* Build configuration list for PBXProject "Homework 44" */;
			compatibilityVersion = "Xcode 9.3";
			developmentRegion = en;
			hasScannedForEncodings = 0;
			knownRegions = (
				en,
				Base,
			);
			mainGroup = A08E39FA249BCF5D005FF663;
			productRefGroup = A08E3A04249BCF5D005FF663 /* Products */;
			projectDirPath = "";
			projectRoot = "";
			targets = (
				A08E3A02249BCF5D005FF663 /* Homework 44 */,
			);
		};
/* End PBXProject section */

/* Begin PBXResourcesBuildPhase section */
		A08E3A01249BCF5D005FF663 /* Resources */ = {
			isa = PBXResourcesBuildPhase;
			buildActionMask = 2147483647;
			files = (
				A08E3A13249BCF5F005FF663 /* LaunchScreen.storyboard in Resources */,
				A08E3A10249BCF5F005FF663 /* Assets.xcassets in Resources */,
				A08E3A0E249BCF5D005FF663 /* Main.storyboard in Resources */,
			);
			runOnlyForDeploymentPostprocessing = 0;
		};
/* End PBXResourcesBuildPhase section */

/* Begin PBXSourcesBuildPhase section */
		A08E39FF249BCF5D005FF663 /* Sources */ = {
			isa = PBXSourcesBuildPhase;
			buildActionMask = 2147483647;
			files = (
				A05511AD249CF77F00E884EB /* TableViewCell.swift in Sources */,
				A05511AF249CF79300E884EB /* forecastVC.swift in Sources */,
				A08E3A0B249BCF5D005FF663 /* ViewController.swift in Sources */,
				A09C27E5249BF88400C1BA2B /* ApiResponse.swift in Sources */,
				A08E3A07249BCF5D005FF663 /* AppDelegate.swift in Sources */,
				A08E3A09249BCF5D005FF663 /* SceneDelegate.swift in Sources */,
			);
			runOnlyForDeploymentPostprocessing = 0;
		};
/* End PBXSourcesBuildPhase section */

/* Begin PBXVariantGroup section */
		A08E3A0C249BCF5D005FF663 /* Main.storyboard */ = {
			isa = PBXVariantGroup;
			children = (
				A08E3A0D249BCF5D005FF663 /* Base */,
			);
			name = Main.storyboard;
			sourceTree = "<group>";
		};
		A08E3A11249BCF5F005FF663 /* LaunchScreen.storyboard */ = {
			isa = PBXVariantGroup;
			children = (
				A08E3A12249BCF5F005FF663 /* Base */,
			);
			name = LaunchScreen.storyboard;
			sourceTree = "<group>";
		};
/* End PBXVariantGroup section */

/* Begin XCBuildConfiguration section */
		A08E3A15249BCF5F005FF663 /* Debug */ = {
			isa = XCBuildConfiguration;
			buildSettings = {
				ALWAYS_SEARCH_USER_PATHS = NO;
				CLANG_ANALYZER_NONNULL = YES;
				CLANG_ANALYZER_NUMBER_OBJECT_CONVERSION = YES_AGGRESSIVE;
				CLANG_CXX_LANGUAGE_STANDARD = "gnu++14";
				CLANG_CXX_LIBRARY = "libc++";
				CLANG_ENABLE_MODULES = YES;
				CLANG_ENABLE_OBJC_ARC = YES;
				CLANG_ENABLE_OBJC_WEAK = YES;
				CLANG_WARN_BLOCK_CAPTURE_AUTORELEASING = YES;
				CLANG_WARN_BOOL_CONVERSION = YES;
				CLANG_WARN_COMMA = YES;
				CLANG_WARN_CONSTANT_CONVERSION = YES;
				CLANG_WARN_DEPRECATED_OBJC_IMPLEMENTATIONS = YES;
				CLANG_WARN_DIRECT_OBJC_ISA_USAGE = YES_ERROR;
				CLANG_WARN_DOCUMENTATION_COMMENTS = YES;
				CLANG_WARN_EMPTY_BODY = YES;
				CLANG_WARN_ENUM_CONVERSION = YES;
				CLANG_WARN_INFINITE_RECURSION = YES;
				CLANG_WARN_INT_CONVERSION = YES;
				CLANG_WARN_NON_LITERAL_NULL_CONVERSION = YES;
				CLANG_WARN_OBJC_IMPLICIT_RETAIN_SELF = YES;
				CLANG_WARN_OBJC_LITERAL_CONVERSION = YES;
				CLANG_WARN_OBJC_ROOT_CLASS = YES_ERROR;
				CLANG_WARN_RANGE_LOOP_ANALYSIS = YES;
				CLANG_WARN_STRICT_PROTOTYPES = YES;
				CLANG_WARN_SUSPICIOUS_MOVE = YES;
				CLANG_WARN_UNGUARDED_AVAILABILITY = YES_AGGRESSIVE;
				CLANG_WARN_UNREACHABLE_CODE = YES;
				CLANG_WARN__DUPLICATE_METHOD_MATCH = YES;
				COPY_PHASE_STRIP = NO;
				DEBUG_INFORMATION_FORMAT = dwarf;
				ENABLE_STRICT_OBJC_MSGSEND = YES;
				ENABLE_TESTABILITY = YES;
				GCC_C_LANGUAGE_STANDARD = gnu11;
				GCC_DYNAMIC_NO_PIC = NO;
				GCC_NO_COMMON_BLOCKS = YES;
				GCC_OPTIMIZATION_LEVEL = 0;
				GCC_PREPROCESSOR_DEFINITIONS = (
					"DEBUG=1",
					"$(inherited)",
				);
				GCC_WARN_64_TO_32_BIT_CONVERSION = YES;
				GCC_WARN_ABOUT_RETURN_TYPE = YES_ERROR;
				GCC_WARN_UNDECLARED_SELECTOR = YES;
				GCC_WARN_UNINITIALIZED_AUTOS = YES_AGGRESSIVE;
				GCC_WARN_UNUSED_FUNCTION = YES;
				GCC_WARN_UNUSED_VARIABLE = YES;
				IPHONEOS_DEPLOYMENT_TARGET = 13.5;
				MTL_ENABLE_DEBUG_INFO = INCLUDE_SOURCE;
				MTL_FAST_MATH = YES;
				ONLY_ACTIVE_ARCH = YES;
				SDKROOT = iphoneos;
				SWIFT_ACTIVE_COMPILATION_CONDITIONS = DEBUG;
				SWIFT_OPTIMIZATION_LEVEL = "-Onone";
			};
			name = Debug;
		};
		A08E3A16249BCF5F005FF663 /* Release */ = {
			isa = XCBuildConfiguration;
			buildSettings = {
				ALWAYS_SEARCH_USER_PATHS = NO;
				CLANG_ANALYZER_NONNULL = YES;
				CLANG_ANALYZER_NUMBER_OBJECT_CONVERSION = YES_AGGRESSIVE;
				CLANG_CXX_LANGUAGE_STANDARD = "gnu++14";
				CLANG_CXX_LIBRARY = "libc++";
				CLANG_ENABLE_MODULES = YES;
				CLANG_ENABLE_OBJC_ARC = YES;
				CLANG_ENABLE_OBJC_WEAK = YES;
				CLANG_WARN_BLOCK_CAPTURE_AUTORELEASING = YES;
				CLANG_WARN_BOOL_CONVERSION = YES;
				CLANG_WARN_COMMA = YES;
				CLANG_WARN_CONSTANT_CONVERSION = YES;
				CLANG_WARN_DEPRECATED_OBJC_IMPLEMENTATIONS = YES;
				CLANG_WARN_DIRECT_OBJC_ISA_USAGE = YES_ERROR;
				CLANG_WARN_DOCUMENTATION_COMMENTS = YES;
				CLANG_WARN_EMPTY_BODY = YES;
				CLANG_WARN_ENUM_CONVERSION = YES;
				CLANG_WARN_INFINITE_RECURSION = YES;
				CLANG_WARN_INT_CONVERSION = YES;
				CLANG_WARN_NON_LITERAL_NULL_CONVERSION = YES;
				CLANG_WARN_OBJC_IMPLICIT_RETAIN_SELF = YES;
				CLANG_WARN_OBJC_LITERAL_CONVERSION = YES;
				CLANG_WARN_OBJC_ROOT_CLASS = YES_ERROR;
				CLANG_WARN_RANGE_LOOP_ANALYSIS = YES;
				CLANG_WARN_STRICT_PROTOTYPES = YES;
				CLANG_WARN_SUSPICIOUS_MOVE = YES;
				CLANG_WARN_UNGUARDED_AVAILABILITY = YES_AGGRESSIVE;
				CLANG_WARN_UNREACHABLE_CODE = YES;
				CLANG_WARN__DUPLICATE_METHOD_MATCH = YES;
				COPY_PHASE_STRIP = NO;
				DEBUG_INFORMATION_FORMAT = "dwarf-with-dsym";
				ENABLE_NS_ASSERTIONS = NO;
				ENABLE_STRICT_OBJC_MSGSEND = YES;
				GCC_C_LANGUAGE_STANDARD = gnu11;
				GCC_NO_COMMON_BLOCKS = YES;
				GCC_WARN_64_TO_32_BIT_CONVERSION = YES;
				GCC_WARN_ABOUT_RETURN_TYPE = YES_ERROR;
				GCC_WARN_UNDECLARED_SELECTOR = YES;
				GCC_WARN_UNINITIALIZED_AUTOS = YES_AGGRESSIVE;
				GCC_WARN_UNUSED_FUNCTION = YES;
				GCC_WARN_UNUSED_VARIABLE = YES;
				IPHONEOS_DEPLOYMENT_TARGET = 13.5;
				MTL_ENABLE_DEBUG_INFO = NO;
				MTL_FAST_MATH = YES;
				SDKROOT = iphoneos;
				SWIFT_COMPILATION_MODE = wholemodule;
				SWIFT_OPTIMIZATION_LEVEL = "-O";
				VALIDATE_PRODUCT = YES;
			};
			name = Release;
		};
		A08E3A18249BCF5F005FF663 /* Debug */ = {
			isa = XCBuildConfiguration;
			buildSettings = {
				ASSETCATALOG_COMPILER_APPICON_NAME = AppIcon;
				CODE_SIGN_STYLE = Automatic;
				INFOPLIST_FILE = "Homework 44/Info.plist";
				LD_RUNPATH_SEARCH_PATHS = (
					"$(inherited)",
					"@executable_path/Frameworks",
				);
				PRODUCT_BUNDLE_IDENTIFIER = "ge.lucasTheCoder.Homework-44";
				PRODUCT_NAME = "$(TARGET_NAME)";
				SWIFT_VERSION = 5.0;
				TARGETED_DEVICE_FAMILY = "1,2";
			};
			name = Debug;
		};
		A08E3A19249BCF5F005FF663 /* Release */ = {
			isa = XCBuildConfiguration;
			buildSettings = {
				ASSETCATALOG_COMPILER_APPICON_NAME = AppIcon;
				CODE_SIGN_STYLE = Automatic;
				INFOPLIST_FILE = "Homework 44/Info.plist";
				LD_RUNPATH_SEARCH_PATHS = (
					"$(inherited)",
					"@executable_path/Frameworks",
				);
				PRODUCT_BUNDLE_IDENTIFIER = "ge.lucasTheCoder.Homework-44";
				PRODUCT_NAME = "$(TARGET_NAME)";
				SWIFT_VERSION = 5.0;
				TARGETED_DEVICE_FAMILY = "1,2";
			};
			name = Release;
		};
/* End XCBuildConfiguration section */

/* Begin XCConfigurationList section */
		A08E39FE249BCF5D005FF663 /* Build configuration list for PBXProject "Homework 44" */ = {
			isa = XCConfigurationList;
			buildConfigurations = (
				A08E3A15249BCF5F005FF663 /* Debug */,
				A08E3A16249BCF5F005FF663 /* Release */,
			);
			defaultConfigurationIsVisible = 0;
			defaultConfigurationName = Release;
		};
		A08E3A17249BCF5F005FF663 /* Build configuration list for PBXNativeTarget "Homework 44" */ = {
			isa = XCConfigurationList;
			buildConfigurations = (
				A08E3A18249BCF5F005FF663 /* Debug */,
				A08E3A19249BCF5F005FF663 /* Release */,
			);
			defaultConfigurationIsVisible = 0;
			defaultConfigurationName = Release;
		};
/* End XCConfigurationList section */
	};
	rootObject = A08E39FB249BCF5D005FF663 /* Project object */;
}
