// !$*UTF8*$!
{
	archiveVersion = 1;
	classes = {
	};
	objectVersion = 50;
	objects = {

/* Begin PBXBuildFile section */
		A00017FF245A63CA002A550B /* CustomTableViewCell.swift in Sources */ = {isa = PBXBuildFile; fileRef = A00017FE245A63CA002A550B /* CustomTableViewCell.swift */; };
		A0271DA02459864800391453 /* AppDelegate.swift in Sources */ = {isa = PBXBuildFile; fileRef = A0271D9F2459864800391453 /* AppDelegate.swift */; };
		A0271DA22459864800391453 /* SceneDelegate.swift in Sources */ = {isa = PBXBuildFile; fileRef = A0271DA12459864800391453 /* SceneDelegate.swift */; };
		A0271DA42459864800391453 /* ViewController.swift in Sources */ = {isa = PBXBuildFile; fileRef = A0271DA32459864800391453 /* ViewController.swift */; };
		A0271DA72459864800391453 /* Main.storyboard in Resources */ = {isa = PBXBuildFile; fileRef = A0271DA52459864800391453 /* Main.storyboard */; };
		A0271DA92459864800391453 /* Assets.xcassets in Resources */ = {isa = PBXBuildFile; fileRef = A0271DA82459864800391453 /* Assets.xcassets */; };
		A0271DAC2459864800391453 /* LaunchScreen.storyboard in Resources */ = {isa = PBXBuildFile; fileRef = A0271DAA2459864800391453 /* LaunchScreen.storyboard */; };
		A0271DB424598C3500391453 /* File.swift in Sources */ = {isa = PBXBuildFile; fileRef = A0271DB324598C3500391453 /* File.swift */; };
		A0271DB62459946D00391453 /* userInfoViewController.swift in Sources */ = {isa = PBXBuildFile; fileRef = A0271DB52459946D00391453 /* userInfoViewController.swift */; };
/* End PBXBuildFile section */

/* Begin PBXFileReference section */
		A00017FE245A63CA002A550B /* CustomTableViewCell.swift */ = {isa = PBXFileReference; lastKnownFileType = sourcecode.swift; path = CustomTableViewCell.swift; sourceTree = "<group>"; };
		A0271D9C2459864800391453 /* Homeowrk 11 _ Registration.app */ = {isa = PBXFileReference; explicitFileType = wrapper.application; includeInIndex = 0; path = "Homeowrk 11 _ Registration.app"; sourceTree = BUILT_PRODUCTS_DIR; };
		A0271D9F2459864800391453 /* AppDelegate.swift */ = {isa = PBXFileReference; lastKnownFileType = sourcecode.swift; path = AppDelegate.swift; sourceTree = "<group>"; };
		A0271DA12459864800391453 /* SceneDelegate.swift */ = {isa = PBXFileReference; lastKnownFileType = sourcecode.swift; path = SceneDelegate.swift; sourceTree = "<group>"; };
		A0271DA32459864800391453 /* ViewController.swift */ = {isa = PBXFileReference; lastKnownFileType = sourcecode.swift; path = ViewController.swift; sourceTree = "<group>"; };
		A0271DA62459864800391453 /* Base */ = {isa = PBXFileReference; lastKnownFileType = file.storyboard; name = Base; path = Base.lproj/Main.storyboard; sourceTree = "<group>"; };
		A0271DA82459864800391453 /* Assets.xcassets */ = {isa = PBXFileReference; lastKnownFileType = folder.assetcatalog; path = Assets.xcassets; sourceTree = "<group>"; };
		A0271DAB2459864800391453 /* Base */ = {isa = PBXFileReference; lastKnownFileType = file.storyboard; name = Base; path = Base.lproj/LaunchScreen.storyboard; sourceTree = "<group>"; };
		A0271DAD2459864800391453 /* Info.plist */ = {isa = PBXFileReference; lastKnownFileType = text.plist.xml; path = Info.plist; sourceTree = "<group>"; };
		A0271DB324598C3500391453 /* File.swift */ = {isa = PBXFileReference; lastKnownFileType = sourcecode.swift; path = File.swift; sourceTree = "<group>"; };
		A0271DB52459946D00391453 /* userInfoViewController.swift */ = {isa = PBXFileReference; lastKnownFileType = sourcecode.swift; path = userInfoViewController.swift; sourceTree = "<group>"; };
/* End PBXFileReference section */

/* Begin PBXFrameworksBuildPhase section */
		A0271D992459864800391453 /* Frameworks */ = {
			isa = PBXFrameworksBuildPhase;
			buildActionMask = 2147483647;
			files = (
			);
			runOnlyForDeploymentPostprocessing = 0;
		};
/* End PBXFrameworksBuildPhase section */

/* Begin PBXGroup section */
		A0271D932459864800391453 = {
			isa = PBXGroup;
			children = (
				A0271D9E2459864800391453 /* Homeowrk 11 _ Registration */,
				A0271D9D2459864800391453 /* Products */,
			);
			sourceTree = "<group>";
		};
		A0271D9D2459864800391453 /* Products */ = {
			isa = PBXGroup;
			children = (
				A0271D9C2459864800391453 /* Homeowrk 11 _ Registration.app */,
			);
			name = Products;
			sourceTree = "<group>";
		};
		A0271D9E2459864800391453 /* Homeowrk 11 _ Registration */ = {
			isa = PBXGroup;
			children = (
				A0271D9F2459864800391453 /* AppDelegate.swift */,
				A0271DA12459864800391453 /* SceneDelegate.swift */,
				A0271DA32459864800391453 /* ViewController.swift */,
				A0271DA52459864800391453 /* Main.storyboard */,
				A0271DA82459864800391453 /* Assets.xcassets */,
				A0271DAA2459864800391453 /* LaunchScreen.storyboard */,
				A0271DAD2459864800391453 /* Info.plist */,
				A0271DB324598C3500391453 /* File.swift */,
				A0271DB52459946D00391453 /* userInfoViewController.swift */,
				A00017FE245A63CA002A550B /* CustomTableViewCell.swift */,
			);
			path = "Homeowrk 11 _ Registration";
			sourceTree = "<group>";
		};
/* End PBXGroup section */

/* Begin PBXNativeTarget section */
		A0271D9B2459864800391453 /* Homeowrk 11 _ Registration */ = {
			isa = PBXNativeTarget;
			buildConfigurationList = A0271DB02459864800391453 /* Build configuration list for PBXNativeTarget "Homeowrk 11 _ Registration" */;
			buildPhases = (
				A0271D982459864800391453 /* Sources */,
				A0271D992459864800391453 /* Frameworks */,
				A0271D9A2459864800391453 /* Resources */,
			);
			buildRules = (
			);
			dependencies = (
			);
			name = "Homeowrk 11 _ Registration";
			productName = "Homeowrk 11 _ Registration";
			productReference = A0271D9C2459864800391453 /* Homeowrk 11 _ Registration.app */;
			productType = "com.apple.product-type.application";
		};
/* End PBXNativeTarget section */

/* Begin PBXProject section */
		A0271D942459864800391453 /* Project object */ = {
			isa = PBXProject;
			attributes = {
				LastSwiftUpdateCheck = 1140;
				LastUpgradeCheck = 1140;
				ORGANIZATIONNAME = lucas;
				TargetAttributes = {
					A0271D9B2459864800391453 = {
						CreatedOnToolsVersion = 11.4.1;
					};
				};
			};
			buildConfigurationList = A0271D972459864800391453 /* Build configuration list for PBXProject "Homeowrk 11 _ Registration" */;
			compatibilityVersion = "Xcode 9.3";
			developmentRegion = en;
			hasScannedForEncodings = 0;
			knownRegions = (
				en,
				Base,
			);
			mainGroup = A0271D932459864800391453;
			productRefGroup = A0271D9D2459864800391453 /* Products */;
			projectDirPath = "";
			projectRoot = "";
			targets = (
				A0271D9B2459864800391453 /* Homeowrk 11 _ Registration */,
			);
		};
/* End PBXProject section */

/* Begin PBXResourcesBuildPhase section */
		A0271D9A2459864800391453 /* Resources */ = {
			isa = PBXResourcesBuildPhase;
			buildActionMask = 2147483647;
			files = (
				A0271DAC2459864800391453 /* LaunchScreen.storyboard in Resources */,
				A0271DA92459864800391453 /* Assets.xcassets in Resources */,
				A0271DA72459864800391453 /* Main.storyboard in Resources */,
			);
			runOnlyForDeploymentPostprocessing = 0;
		};
/* End PBXResourcesBuildPhase section */

/* Begin PBXSourcesBuildPhase section */
		A0271D982459864800391453 /* Sources */ = {
			isa = PBXSourcesBuildPhase;
			buildActionMask = 2147483647;
			files = (
				A00017FF245A63CA002A550B /* CustomTableViewCell.swift in Sources */,
				A0271DB62459946D00391453 /* userInfoViewController.swift in Sources */,
				A0271DA42459864800391453 /* ViewController.swift in Sources */,
				A0271DB424598C3500391453 /* File.swift in Sources */,
				A0271DA02459864800391453 /* AppDelegate.swift in Sources */,
				A0271DA22459864800391453 /* SceneDelegate.swift in Sources */,
			);
			runOnlyForDeploymentPostprocessing = 0;
		};
/* End PBXSourcesBuildPhase section */

/* Begin PBXVariantGroup section */
		A0271DA52459864800391453 /* Main.storyboard */ = {
			isa = PBXVariantGroup;
			children = (
				A0271DA62459864800391453 /* Base */,
			);
			name = Main.storyboard;
			sourceTree = "<group>";
		};
		A0271DAA2459864800391453 /* LaunchScreen.storyboard */ = {
			isa = PBXVariantGroup;
			children = (
				A0271DAB2459864800391453 /* Base */,
			);
			name = LaunchScreen.storyboard;
			sourceTree = "<group>";
		};
/* End PBXVariantGroup section */

/* Begin XCBuildConfiguration section */
		A0271DAE2459864800391453 /* Debug */ = {
			isa = XCBuildConfiguration;
			buildSettings = {
				ALWAYS_SEARCH_USER_PATHS = NO;
				CLANG_ANALYZER_NONNULL = YES;
				CLANG_ANALYZER_NUMBER_OBJECT_CONVERSION = YES_AGGRESSIVE;
				CLANG_CXX_LANGUAGE_STANDARD = "gnu++14";
				CLANG_CXX_LIBRARY = "libc++";
				CLANG_ENABLE_MODULES = YES;
				CLANG_ENABLE_OBJC_ARC = YES;
				CLANG_ENABLE_OBJC_WEAK = YES;
				CLANG_WARN_BLOCK_CAPTURE_AUTORELEASING = YES;
				CLANG_WARN_BOOL_CONVERSION = YES;
				CLANG_WARN_COMMA = YES;
				CLANG_WARN_CONSTANT_CONVERSION = YES;
				CLANG_WARN_DEPRECATED_OBJC_IMPLEMENTATIONS = YES;
				CLANG_WARN_DIRECT_OBJC_ISA_USAGE = YES_ERROR;
				CLANG_WARN_DOCUMENTATION_COMMENTS = YES;
				CLANG_WARN_EMPTY_BODY = YES;
				CLANG_WARN_ENUM_CONVERSION = YES;
				CLANG_WARN_INFINITE_RECURSION = YES;
				CLANG_WARN_INT_CONVERSION = YES;
				CLANG_WARN_NON_LITERAL_NULL_CONVERSION = YES;
				CLANG_WARN_OBJC_IMPLICIT_RETAIN_SELF = YES;
				CLANG_WARN_OBJC_LITERAL_CONVERSION = YES;
				CLANG_WARN_OBJC_ROOT_CLASS = YES_ERROR;
				CLANG_WARN_RANGE_LOOP_ANALYSIS = YES;
				CLANG_WARN_STRICT_PROTOTYPES = YES;
				CLANG_WARN_SUSPICIOUS_MOVE = YES;
				CLANG_WARN_UNGUARDED_AVAILABILITY = YES_AGGRESSIVE;
				CLANG_WARN_UNREACHABLE_CODE = YES;
				CLANG_WARN__DUPLICATE_METHOD_MATCH = YES;
				COPY_PHASE_STRIP = NO;
				DEBUG_INFORMATION_FORMAT = dwarf;
				ENABLE_STRICT_OBJC_MSGSEND = YES;
				ENABLE_TESTABILITY = YES;
				GCC_C_LANGUAGE_STANDARD = gnu11;
				GCC_DYNAMIC_NO_PIC = NO;
				GCC_NO_COMMON_BLOCKS = YES;
				GCC_OPTIMIZATION_LEVEL = 0;
				GCC_PREPROCESSOR_DEFINITIONS = (
					"DEBUG=1",
					"$(inherited)",
				);
				GCC_WARN_64_TO_32_BIT_CONVERSION = YES;
				GCC_WARN_ABOUT_RETURN_TYPE = YES_ERROR;
				GCC_WARN_UNDECLARED_SELECTOR = YES;
				GCC_WARN_UNINITIALIZED_AUTOS = YES_AGGRESSIVE;
				GCC_WARN_UNUSED_FUNCTION = YES;
				GCC_WARN_UNUSED_VARIABLE = YES;
				IPHONEOS_DEPLOYMENT_TARGET = 13.4;
				MTL_ENABLE_DEBUG_INFO = INCLUDE_SOURCE;
				MTL_FAST_MATH = YES;
				ONLY_ACTIVE_ARCH = YES;
				SDKROOT = iphoneos;
				SWIFT_ACTIVE_COMPILATION_CONDITIONS = DEBUG;
				SWIFT_OPTIMIZATION_LEVEL = "-Onone";
			};
			name = Debug;
		};
		A0271DAF2459864800391453 /* Release */ = {
			isa = XCBuildConfiguration;
			buildSettings = {
				ALWAYS_SEARCH_USER_PATHS = NO;
				CLANG_ANALYZER_NONNULL = YES;
				CLANG_ANALYZER_NUMBER_OBJECT_CONVERSION = YES_AGGRESSIVE;
				CLANG_CXX_LANGUAGE_STANDARD = "gnu++14";
				CLANG_CXX_LIBRARY = "libc++";
				CLANG_ENABLE_MODULES = YES;
				CLANG_ENABLE_OBJC_ARC = YES;
				CLANG_ENABLE_OBJC_WEAK = YES;
				CLANG_WARN_BLOCK_CAPTURE_AUTORELEASING = YES;
				CLANG_WARN_BOOL_CONVERSION = YES;
				CLANG_WARN_COMMA = YES;
				CLANG_WARN_CONSTANT_CONVERSION = YES;
				CLANG_WARN_DEPRECATED_OBJC_IMPLEMENTATIONS = YES;
				CLANG_WARN_DIRECT_OBJC_ISA_USAGE = YES_ERROR;
				CLANG_WARN_DOCUMENTATION_COMMENTS = YES;
				CLANG_WARN_EMPTY_BODY = YES;
				CLANG_WARN_ENUM_CONVERSION = YES;
				CLANG_WARN_INFINITE_RECURSION = YES;
				CLANG_WARN_INT_CONVERSION = YES;
				CLANG_WARN_NON_LITERAL_NULL_CONVERSION = YES;
				CLANG_WARN_OBJC_IMPLICIT_RETAIN_SELF = YES;
				CLANG_WARN_OBJC_LITERAL_CONVERSION = YES;
				CLANG_WARN_OBJC_ROOT_CLASS = YES_ERROR;
				CLANG_WARN_RANGE_LOOP_ANALYSIS = YES;
				CLANG_WARN_STRICT_PROTOTYPES = YES;
				CLANG_WARN_SUSPICIOUS_MOVE = YES;
				CLANG_WARN_UNGUARDED_AVAILABILITY = YES_AGGRESSIVE;
				CLANG_WARN_UNREACHABLE_CODE = YES;
				CLANG_WARN__DUPLICATE_METHOD_MATCH = YES;
				COPY_PHASE_STRIP = NO;
				DEBUG_INFORMATION_FORMAT = "dwarf-with-dsym";
				ENABLE_NS_ASSERTIONS = NO;
				ENABLE_STRICT_OBJC_MSGSEND = YES;
				GCC_C_LANGUAGE_STANDARD = gnu11;
				GCC_NO_COMMON_BLOCKS = YES;
				GCC_WARN_64_TO_32_BIT_CONVERSION = YES;
				GCC_WARN_ABOUT_RETURN_TYPE = YES_ERROR;
				GCC_WARN_UNDECLARED_SELECTOR = YES;
				GCC_WARN_UNINITIALIZED_AUTOS = YES_AGGRESSIVE;
				GCC_WARN_UNUSED_FUNCTION = YES;
				GCC_WARN_UNUSED_VARIABLE = YES;
				IPHONEOS_DEPLOYMENT_TARGET = 13.4;
				MTL_ENABLE_DEBUG_INFO = NO;
				MTL_FAST_MATH = YES;
				SDKROOT = iphoneos;
				SWIFT_COMPILATION_MODE = wholemodule;
				SWIFT_OPTIMIZATION_LEVEL = "-O";
				VALIDATE_PRODUCT = YES;
			};
			name = Release;
		};
		A0271DB12459864800391453 /* Debug */ = {
			isa = XCBuildConfiguration;
			buildSettings = {
				ASSETCATALOG_COMPILER_APPICON_NAME = AppIcon;
				CODE_SIGN_STYLE = Automatic;
				INFOPLIST_FILE = "Homeowrk 11 _ Registration/Info.plist";
				LD_RUNPATH_SEARCH_PATHS = (
					"$(inherited)",
					"@executable_path/Frameworks",
				);
				PRODUCT_BUNDLE_IDENTIFIER = "ge.lucasTheCoder.Homeowrk-11---Registration";
				PRODUCT_NAME = "$(TARGET_NAME)";
				SWIFT_VERSION = 5.0;
				TARGETED_DEVICE_FAMILY = "1,2";
			};
			name = Debug;
		};
		A0271DB22459864800391453 /* Release */ = {
			isa = XCBuildConfiguration;
			buildSettings = {
				ASSETCATALOG_COMPILER_APPICON_NAME = AppIcon;
				CODE_SIGN_STYLE = Automatic;
				INFOPLIST_FILE = "Homeowrk 11 _ Registration/Info.plist";
				LD_RUNPATH_SEARCH_PATHS = (
					"$(inherited)",
					"@executable_path/Frameworks",
				);
				PRODUCT_BUNDLE_IDENTIFIER = "ge.lucasTheCoder.Homeowrk-11---Registration";
				PRODUCT_NAME = "$(TARGET_NAME)";
				SWIFT_VERSION = 5.0;
				TARGETED_DEVICE_FAMILY = "1,2";
			};
			name = Release;
		};
/* End XCBuildConfiguration section */

/* Begin XCConfigurationList section */
		A0271D972459864800391453 /* Build configuration list for PBXProject "Homeowrk 11 _ Registration" */ = {
			isa = XCConfigurationList;
			buildConfigurations = (
				A0271DAE2459864800391453 /* Debug */,
				A0271DAF2459864800391453 /* Release */,
			);
			defaultConfigurationIsVisible = 0;
			defaultConfigurationName = Release;
		};
		A0271DB02459864800391453 /* Build configuration list for PBXNativeTarget "Homeowrk 11 _ Registration" */ = {
			isa = XCConfigurationList;
			buildConfigurations = (
				A0271DB12459864800391453 /* Debug */,
				A0271DB22459864800391453 /* Release */,
			);
			defaultConfigurationIsVisible = 0;
			defaultConfigurationName = Release;
		};
/* End XCConfigurationList section */
	};
	rootObject = A0271D942459864800391453 /* Project object */;
}
